// !$*UTF8*$!
{
	archiveVersion = 1;
	classes = {
	};
	objectVersion = 46;
	objects = {

/* Begin PBXBuildFile section */
		244EF7631DD4495300AA3B37 /* AppDelegate.swift in Sources */ = {isa = PBXBuildFile; fileRef = 244EF7621DD4495300AA3B37 /* AppDelegate.swift */; };
		244EF7651DD4495300AA3B37 /* ViewController.swift in Sources */ = {isa = PBXBuildFile; fileRef = 244EF7641DD4495300AA3B37 /* ViewController.swift */; };
		244EF7681DD4495300AA3B37 /* Main.storyboard in Resources */ = {isa = PBXBuildFile; fileRef = 244EF7661DD4495300AA3B37 /* Main.storyboard */; };
		244EF76A1DD4495300AA3B37 /* Assets.xcassets in Resources */ = {isa = PBXBuildFile; fileRef = 244EF7691DD4495300AA3B37 /* Assets.xcassets */; };
		244EF76D1DD4495300AA3B37 /* LaunchScreen.storyboard in Resources */ = {isa = PBXBuildFile; fileRef = 244EF76B1DD4495300AA3B37 /* LaunchScreen.storyboard */; };
/* End PBXBuildFile section */

/* Begin PBXFileReference section */
		244EF75F1DD4495300AA3B37 /* Project 07 - PullToRefresh.app */ = {isa = PBXFileReference; explicitFileType = wrapper.application; includeInIndex = 0; path = "Project 07 - PullToRefresh.app"; sourceTree = BUILT_PRODUCTS_DIR; };
		244EF7621DD4495300AA3B37 /* AppDelegate.swift */ = {isa = PBXFileReference; lastKnownFileType = sourcecode.swift; path = AppDelegate.swift; sourceTree = "<group>"; };
		244EF7641DD4495300AA3B37 /* ViewController.swift */ = {isa = PBXFileReference; lastKnownFileType = sourcecode.swift; path = ViewController.swift; sourceTree = "<group>"; };
		244EF7671DD4495300AA3B37 /* Base */ = {isa = PBXFileReference; lastKnownFileType = file.storyboard; name = Base; path = Base.lproj/Main.storyboard; sourceTree = "<group>"; };
		244EF7691DD4495300AA3B37 /* Assets.xcassets */ = {isa = PBXFileReference; lastKnownFileType = folder.assetcatalog; path = Assets.xcassets; sourceTree = "<group>"; };
		244EF76C1DD4495300AA3B37 /* Base */ = {isa = PBXFileReference; lastKnownFileType = file.storyboard; name = Base; path = Base.lproj/LaunchScreen.storyboard; sourceTree = "<group>"; };
		244EF76E1DD4495300AA3B37 /* Info.plist */ = {isa = PBXFileReference; lastKnownFileType = text.plist.xml; path = Info.plist; sourceTree = "<group>"; };
/* End PBXFileReference section */

/* Begin PBXFrameworksBuildPhase section */
		244EF75C1DD4495300AA3B37 /* Frameworks */ = {
			isa = PBXFrameworksBuildPhase;
			buildActionMask = 2147483647;
			files = (
			);
			runOnlyForDeploymentPostprocessing = 0;
		};
/* End PBXFrameworksBuildPhase section */

/* Begin PBXGroup section */
		244EF7561DD4495200AA3B37 = {
			isa = PBXGroup;
			children = (
				244EF7611DD4495300AA3B37 /* Project 07 - PullToRefresh */,
				244EF7601DD4495300AA3B37 /* Products */,
			);
			sourceTree = "<group>";
		};
		244EF7601DD4495300AA3B37 /* Products */ = {
			isa = PBXGroup;
			children = (
				244EF75F1DD4495300AA3B37 /* Project 07 - PullToRefresh.app */,
			);
			name = Products;
			sourceTree = "<group>";
		};
		244EF7611DD4495300AA3B37 /* Project 07 - PullToRefresh */ = {
			isa = PBXGroup;
			children = (
				244EF7621DD4495300AA3B37 /* AppDelegate.swift */,
				244EF7641DD4495300AA3B37 /* ViewController.swift */,
				244EF7661DD4495300AA3B37 /* Main.storyboard */,
				244EF7691DD4495300AA3B37 /* Assets.xcassets */,
				244EF76B1DD4495300AA3B37 /* LaunchScreen.storyboard */,
				244EF76E1DD4495300AA3B37 /* Info.plist */,
			);
			path = "Project 07 - PullToRefresh";
			sourceTree = "<group>";
		};
/* End PBXGroup section */

/* Begin PBXNativeTarget section */
		244EF75E1DD4495300AA3B37 /* Project 07 - PullToRefresh */ = {
			isa = PBXNativeTarget;
			buildConfigurationList = 244EF7711DD4495300AA3B37 /* Build configuration list for PBXNativeTarget "Project 07 - PullToRefresh" */;
			buildPhases = (
				244EF75B1DD4495300AA3B37 /* Sources */,
				244EF75C1DD4495300AA3B37 /* Frameworks */,
				244EF75D1DD4495300AA3B37 /* Resources */,
			);
			buildRules = (
			);
			dependencies = (
			);
			name = "Project 07 - PullToRefresh";
			productName = "Project 07 - PullToRefresh";
			productReference = 244EF75F1DD4495300AA3B37 /* Project 07 - PullToRefresh.app */;
			productType = "com.apple.product-type.application";
		};
/* End PBXNativeTarget section */

/* Begin PBXProject section */
		244EF7571DD4495300AA3B37 /* Project object */ = {
			isa = PBXProject;
			attributes = {
				LastSwiftUpdateCheck = 0730;
				LastUpgradeCheck = 0730;
				ORGANIZATIONNAME = q2650108;
				TargetAttributes = {
					244EF75E1DD4495300AA3B37 = {
						CreatedOnToolsVersion = 7.3.1;
						DevelopmentTeam = KF4365QBY5;
					};
				};
			};
			buildConfigurationList = 244EF75A1DD4495300AA3B37 /* Build configuration list for PBXProject "Project 07 - PullToRefresh" */;
			compatibilityVersion = "Xcode 3.2";
			developmentRegion = English;
			hasScannedForEncodings = 0;
			knownRegions = (
				en,
				Base,
			);
			mainGroup = 244EF7561DD4495200AA3B37;
			productRefGroup = 244EF7601DD4495300AA3B37 /* Products */;
			projectDirPath = "";
			projectRoot = "";
			targets = (
				244EF75E1DD4495300AA3B37 /* Project 07 - PullToRefresh */,
			);
		};
/* End PBXProject section */

/* Begin PBXResourcesBuildPhase section */
		244EF75D1DD4495300AA3B37 /* Resources */ = {
			isa = PBXResourcesBuildPhase;
			buildActionMask = 2147483647;
			files = (
				244EF76D1DD4495300AA3B37 /* LaunchScreen.storyboard in Resources */,
				244EF76A1DD4495300AA3B37 /* Assets.xcassets in Resources */,
				244EF7681DD4495300AA3B37 /* Main.storyboard in Resources */,
			);
			runOnlyForDeploymentPostprocessing = 0;
		};
/* End PBXResourcesBuildPhase section */

/* Begin PBXSourcesBuildPhase section */
		244EF75B1DD4495300AA3B37 /* Sources */ = {
			isa = PBXSourcesBuildPhase;
			buildActionMask = 2147483647;
			files = (
				244EF7651DD4495300AA3B37 /* ViewController.swift in Sources */,
				244EF7631DD4495300AA3B37 /* AppDelegate.swift in Sources */,
			);
			runOnlyForDeploymentPostprocessing = 0;
		};
/* End PBXSourcesBuildPhase section */

/* Begin PBXVariantGroup section */
		244EF7661DD4495300AA3B37 /* Main.storyboard */ = {
			isa = PBXVariantGroup;
			children = (
				244EF7671DD4495300AA3B37 /* Base */,
			);
			name = Main.storyboard;
			sourceTree = "<group>";
		};
		244EF76B1DD4495300AA3B37 /* LaunchScreen.storyboard */ = {
			isa = PBXVariantGroup;
			children = (
				244EF76C1DD4495300AA3B37 /* Base */,
			);
			name = LaunchScreen.storyboard;
			sourceTree = "<group>";
		};
/* End PBXVariantGroup section */

/* Begin XCBuildConfiguration section */
		244EF76F1DD4495300AA3B37 /* Debug */ = {
			isa = XCBuildConfiguration;
			buildSettings = {
				ALWAYS_SEARCH_USER_PATHS = NO;
				CLANG_ANALYZER_NONNULL = YES;
				CLANG_CXX_LANGUAGE_STANDARD = "gnu++0x";
				CLANG_CXX_LIBRARY = "libc++";
				CLANG_ENABLE_MODULES = YES;
				CLANG_ENABLE_OBJC_ARC = YES;
				CLANG_WARN_BOOL_CONVERSION = YES;
				CLANG_WARN_CONSTANT_CONVERSION = YES;
				CLANG_WARN_DIRECT_OBJC_ISA_USAGE = YES_ERROR;
				CLANG_WARN_EMPTY_BODY = YES;
				CLANG_WARN_ENUM_CONVERSION = YES;
				CLANG_WARN_INT_CONVERSION = YES;
				CLANG_WARN_OBJC_ROOT_CLASS = YES_ERROR;
				CLANG_WARN_UNREACHABLE_CODE = YES;
				CLANG_WARN__DUPLICATE_METHOD_MATCH = YES;
				"CODE_SIGN_IDENTITY[sdk=iphoneos*]" = "iPhone Developer";
				COPY_PHASE_STRIP = NO;
				DEBUG_INFORMATION_FORMAT = dwarf;
				ENABLE_STRICT_OBJC_MSGSEND = YES;
				ENABLE_TESTABILITY = YES;
				GCC_C_LANGUAGE_STANDARD = gnu99;
				GCC_DYNAMIC_NO_PIC = NO;
				GCC_NO_COMMON_BLOCKS = YES;
				GCC_OPTIMIZATION_LEVEL = 0;
				GCC_PREPROCESSOR_DEFINITIONS = (
					"DEBUG=1",
					"$(inherited)",
				);
				GCC_WARN_64_TO_32_BIT_CONVERSION = YES;
				GCC_WARN_ABOUT_RETURN_TYPE = YES_ERROR;
				GCC_WARN_UNDECLARED_SELECTOR = YES;
				GCC_WARN_UNINITIALIZED_AUTOS = YES_AGGRESSIVE;
				GCC_WARN_UNUSED_FUNCTION = YES;
				GCC_WARN_UNUSED_VARIABLE = YES;
				IPHONEOS_DEPLOYMENT_TARGET = 9.3;
				MTL_ENABLE_DEBUG_INFO = YES;
				ONLY_ACTIVE_ARCH = YES;
				SDKROOT = iphoneos;
				SWIFT_OPTIMIZATION_LEVEL = "-Onone";
			};
			name = Debug;
		};
		244EF7701DD4495300AA3B37 /* Release */ = {
			isa = XCBuildConfiguration;
			buildSettings = {
				ALWAYS_SEARCH_USER_PATHS = NO;
				CLANG_ANALYZER_NONNULL = YES;
				CLANG_CXX_LANGUAGE_STANDARD = "gnu++0x";
				CLANG_CXX_LIBRARY = "libc++";
				CLANG_ENABLE_MODULES = YES;
				CLANG_ENABLE_OBJC_ARC = YES;
				CLANG_WARN_BOOL_CONVERSION = YES;
				CLANG_WARN_CONSTANT_CONVERSION = YES;
				CLANG_WARN_DIRECT_OBJC_ISA_USAGE = YES_ERROR;
				CLANG_WARN_EMPTY_BODY = YES;
				CLANG_WARN_ENUM_CONVERSION = YES;
				CLANG_WARN_INT_CONVERSION = YES;
				CLANG_WARN_OBJC_ROOT_CLASS = YES_ERROR;
				CLANG_WARN_UNREACHABLE_CODE = YES;
				CLANG_WARN__DUPLICATE_METHOD_MATCH = YES;
				"CODE_SIGN_IDENTITY[sdk=iphoneos*]" = "iPhone Developer";
				COPY_PHASE_STRIP = NO;
				DEBUG_INFORMATION_FORMAT = "dwarf-with-dsym";
				ENABLE_NS_ASSERTIONS = NO;
				ENABLE_STRICT_OBJC_MSGSEND = YES;
				GCC_C_LANGUAGE_STANDARD = gnu99;
				GCC_NO_COMMON_BLOCKS = YES;
				GCC_WARN_64_TO_32_BIT_CONVERSION = YES;
				GCC_WARN_ABOUT_RETURN_TYPE = YES_ERROR;
				GCC_WARN_UNDECLARED_SELECTOR = YES;
				GCC_WARN_UNINITIALIZED_AUTOS = YES_AGGRESSIVE;
				GCC_WARN_UNUSED_FUNCTION = YES;
				GCC_WARN_UNUSED_VARIABLE = YES;
				IPHONEOS_DEPLOYMENT_TARGET = 9.3;
				MTL_ENABLE_DEBUG_INFO = NO;
				SDKROOT = iphoneos;
				VALIDATE_PRODUCT = YES;
			};
			name = Release;
		};
		244EF7721DD4495300AA3B37 /* Debug */ = {
			isa = XCBuildConfiguration;
			buildSettings = {
				ASSETCATALOG_COMPILER_APPICON_NAME = AppIcon;
				CODE_SIGN_IDENTITY = "iPhone Developer";
				"CODE_SIGN_IDENTITY[sdk=iphoneos*]" = "iPhone Developer";
				INFOPLIST_FILE = "Project 07 - PullToRefresh/Info.plist";
				LD_RUNPATH_SEARCH_PATHS = "$(inherited) @executable_path/Frameworks";
				PRODUCT_BUNDLE_IDENTIFIER = "com.q2650108.Project-07---PullToRefresh";
				PRODUCT_NAME = "$(TARGET_NAME)";
				PROVISIONING_PROFILE = "";
			};
			name = Debug;
		};
		244EF7731DD4495300AA3B37 /* Release */ = {
			isa = XCBuildConfiguration;
			buildSettings = {
				ASSETCATALOG_COMPILER_APPICON_NAME = AppIcon;
				CODE_SIGN_IDENTITY = "iPhone Developer";
				"CODE_SIGN_IDENTITY[sdk=iphoneos*]" = "iPhone Developer";
				INFOPLIST_FILE = "Project 07 - PullToRefresh/Info.plist";
				LD_RUNPATH_SEARCH_PATHS = "$(inherited) @executable_path/Frameworks";
				PRODUCT_BUNDLE_IDENTIFIER = "com.q2650108.Project-07---PullToRefresh";
				PRODUCT_NAME = "$(TARGET_NAME)";
				PROVISIONING_PROFILE = "";
			};
			name = Release;
		};
/* End XCBuildConfiguration section */

/* Begin XCConfigurationList section */
		244EF75A1DD4495300AA3B37 /* Build configuration list for PBXProject "Project 07 - PullToRefresh" */ = {
			isa = XCConfigurationList;
			buildConfigurations = (
				244EF76F1DD4495300AA3B37 /* Debug */,
				244EF7701DD4495300AA3B37 /* Release */,
			);
			defaultConfigurationIsVisible = 0;
			defaultConfigurationName = Release;
		};
		244EF7711DD4495300AA3B37 /* Build configuration list for PBXNativeTarget "Project 07 - PullToRefresh" */ = {
			isa = XCConfigurationList;
			buildConfigurations = (
				244EF7721DD4495300AA3B37 /* Debug */,
				244EF7731DD4495300AA3B37 /* Release */,
			);
			defaultConfigurationIsVisible = 0;
		};
/* End XCConfigurationList section */
	};
	rootObject = 244EF7571DD4495300AA3B37 /* Project object */;
}
