// !$*UTF8*$!
{
	archiveVersion = 1;
	classes = {
	};
	objectVersion = 46;
	objects = {

/* Begin PBXBuildFile section */
		246315741E38903900B433D7 /* AppDelegate.swift in Sources */ = {isa = PBXBuildFile; fileRef = 246315731E38903900B433D7 /* AppDelegate.swift */; };
		246315791E38903900B433D7 /* Main.storyboard in Resources */ = {isa = PBXBuildFile; fileRef = 246315771E38903900B433D7 /* Main.storyboard */; };
		2463157C1E38903900B433D7 /* Project_28___SpotlightSearch.xcdatamodeld in Sources */ = {isa = PBXBuildFile; fileRef = 2463157A1E38903900B433D7 /* Project_28___SpotlightSearch.xcdatamodeld */; };
		2463157E1E38903900B433D7 /* Assets.xcassets in Resources */ = {isa = PBXBuildFile; fileRef = 2463157D1E38903900B433D7 /* Assets.xcassets */; };
		246315811E38903900B433D7 /* LaunchScreen.storyboard in Resources */ = {isa = PBXBuildFile; fileRef = 2463157F1E38903900B433D7 /* LaunchScreen.storyboard */; };
		2463158F1E3891BE00B433D7 /* MoviesData.plist in Resources */ = {isa = PBXBuildFile; fileRef = 246315891E3891BE00B433D7 /* MoviesData.plist */; };
		246315901E3891BE00B433D7 /* jurassicworld.jpg in Resources */ = {isa = PBXBuildFile; fileRef = 2463158A1E3891BE00B433D7 /* jurassicworld.jpg */; };
		246315911E3891BE00B433D7 /* pixels.jpg in Resources */ = {isa = PBXBuildFile; fileRef = 2463158B1E3891BE00B433D7 /* pixels.jpg */; };
		246315921E3891BE00B433D7 /* spectre.jpg in Resources */ = {isa = PBXBuildFile; fileRef = 2463158C1E3891BE00B433D7 /* spectre.jpg */; };
		246315931E3891BE00B433D7 /* terminatorgenisys.jpg in Resources */ = {isa = PBXBuildFile; fileRef = 2463158D1E3891BE00B433D7 /* terminatorgenisys.jpg */; };
		246315941E3891BE00B433D7 /* themartian.jpg in Resources */ = {isa = PBXBuildFile; fileRef = 2463158E1E3891BE00B433D7 /* themartian.jpg */; };
		246315971E38940900B433D7 /* MasterTVC.swift in Sources */ = {isa = PBXBuildFile; fileRef = 246315961E38940900B433D7 /* MasterTVC.swift */; };
		246315991E3895F400B433D7 /* MasterTVCell.swift in Sources */ = {isa = PBXBuildFile; fileRef = 246315981E3895F400B433D7 /* MasterTVCell.swift */; };
		24D168C61E39B4C700F60417 /* DetailVC.swift in Sources */ = {isa = PBXBuildFile; fileRef = 24D168C51E39B4C700F60417 /* DetailVC.swift */; };
/* End PBXBuildFile section */

/* Begin PBXFileReference section */
		246315701E38903900B433D7 /* Project 28 - SpotlightSearch.app */ = {isa = PBXFileReference; explicitFileType = wrapper.application; includeInIndex = 0; path = "Project 28 - SpotlightSearch.app"; sourceTree = BUILT_PRODUCTS_DIR; };
		246315731E38903900B433D7 /* AppDelegate.swift */ = {isa = PBXFileReference; lastKnownFileType = sourcecode.swift; path = AppDelegate.swift; sourceTree = "<group>"; };
		246315781E38903900B433D7 /* Base */ = {isa = PBXFileReference; lastKnownFileType = file.storyboard; name = Base; path = Base.lproj/Main.storyboard; sourceTree = "<group>"; };
		2463157B1E38903900B433D7 /* Project_28___SpotlightSearch.xcdatamodel */ = {isa = PBXFileReference; lastKnownFileType = wrapper.xcdatamodel; path = "Project_28___SpotlightSearch.xcdatamodel"; sourceTree = "<group>"; };
		2463157D1E38903900B433D7 /* Assets.xcassets */ = {isa = PBXFileReference; lastKnownFileType = folder.assetcatalog; path = Assets.xcassets; sourceTree = "<group>"; };
		246315801E38903900B433D7 /* Base */ = {isa = PBXFileReference; lastKnownFileType = file.storyboard; name = Base; path = Base.lproj/LaunchScreen.storyboard; sourceTree = "<group>"; };
		246315821E38903900B433D7 /* Info.plist */ = {isa = PBXFileReference; lastKnownFileType = text.plist.xml; path = Info.plist; sourceTree = "<group>"; };
		246315891E3891BE00B433D7 /* MoviesData.plist */ = {isa = PBXFileReference; fileEncoding = 4; lastKnownFileType = text.plist.xml; path = MoviesData.plist; sourceTree = "<group>"; };
		2463158A1E3891BE00B433D7 /* jurassicworld.jpg */ = {isa = PBXFileReference; lastKnownFileType = image.jpeg; path = jurassicworld.jpg; sourceTree = "<group>"; };
		2463158B1E3891BE00B433D7 /* pixels.jpg */ = {isa = PBXFileReference; lastKnownFileType = image.jpeg; path = pixels.jpg; sourceTree = "<group>"; };
		2463158C1E3891BE00B433D7 /* spectre.jpg */ = {isa = PBXFileReference; lastKnownFileType = image.jpeg; path = spectre.jpg; sourceTree = "<group>"; };
		2463158D1E3891BE00B433D7 /* terminatorgenisys.jpg */ = {isa = PBXFileReference; lastKnownFileType = image.jpeg; path = terminatorgenisys.jpg; sourceTree = "<group>"; };
		2463158E1E3891BE00B433D7 /* themartian.jpg */ = {isa = PBXFileReference; lastKnownFileType = image.jpeg; path = themartian.jpg; sourceTree = "<group>"; };
		246315961E38940900B433D7 /* MasterTVC.swift */ = {isa = PBXFileReference; fileEncoding = 4; lastKnownFileType = sourcecode.swift; path = MasterTVC.swift; sourceTree = "<group>"; };
		246315981E3895F400B433D7 /* MasterTVCell.swift */ = {isa = PBXFileReference; fileEncoding = 4; lastKnownFileType = sourcecode.swift; path = MasterTVCell.swift; sourceTree = "<group>"; };
		24D168C51E39B4C700F60417 /* DetailVC.swift */ = {isa = PBXFileReference; fileEncoding = 4; lastKnownFileType = sourcecode.swift; path = DetailVC.swift; sourceTree = "<group>"; };
/* End PBXFileReference section */

/* Begin PBXFrameworksBuildPhase section */
		2463156D1E38903800B433D7 /* Frameworks */ = {
			isa = PBXFrameworksBuildPhase;
			buildActionMask = 2147483647;
			files = (
			);
			runOnlyForDeploymentPostprocessing = 0;
		};
/* End PBXFrameworksBuildPhase section */

/* Begin PBXGroup section */
		246315671E38903800B433D7 = {
			isa = PBXGroup;
			children = (
				246315721E38903900B433D7 /* Project 28 - SpotlightSearch */,
				246315711E38903900B433D7 /* Products */,
			);
			sourceTree = "<group>";
		};
		246315711E38903900B433D7 /* Products */ = {
			isa = PBXGroup;
			children = (
				246315701E38903900B433D7 /* Project 28 - SpotlightSearch.app */,
			);
			name = Products;
			sourceTree = "<group>";
		};
		246315721E38903900B433D7 /* Project 28 - SpotlightSearch */ = {
			isa = PBXGroup;
			children = (
				246315951E3893F300B433D7 /* VC */,
				246315881E3891B500B433D7 /* Data */,
				246315731E38903900B433D7 /* AppDelegate.swift */,
				246315771E38903900B433D7 /* Main.storyboard */,
				2463157D1E38903900B433D7 /* Assets.xcassets */,
				2463157F1E38903900B433D7 /* LaunchScreen.storyboard */,
				246315821E38903900B433D7 /* Info.plist */,
				2463157A1E38903900B433D7 /* Project_28___SpotlightSearch.xcdatamodeld */,
			);
			path = "Project 28 - SpotlightSearch";
			sourceTree = "<group>";
		};
		246315881E3891B500B433D7 /* Data */ = {
			isa = PBXGroup;
			children = (
				246315891E3891BE00B433D7 /* MoviesData.plist */,
				2463158A1E3891BE00B433D7 /* jurassicworld.jpg */,
				2463158B1E3891BE00B433D7 /* pixels.jpg */,
				2463158C1E3891BE00B433D7 /* spectre.jpg */,
				2463158D1E3891BE00B433D7 /* terminatorgenisys.jpg */,
				2463158E1E3891BE00B433D7 /* themartian.jpg */,
			);
			name = Data;
			sourceTree = "<group>";
		};
		246315951E3893F300B433D7 /* VC */ = {
			isa = PBXGroup;
			children = (
				246315961E38940900B433D7 /* MasterTVC.swift */,
				246315981E3895F400B433D7 /* MasterTVCell.swift */,
				24D168C51E39B4C700F60417 /* DetailVC.swift */,
			);
			name = VC;
			sourceTree = "<group>";
		};
/* End PBXGroup section */

/* Begin PBXNativeTarget section */
		2463156F1E38903800B433D7 /* Project 28 - SpotlightSearch */ = {
			isa = PBXNativeTarget;
			buildConfigurationList = 246315851E38903900B433D7 /* Build configuration list for PBXNativeTarget "Project 28 - SpotlightSearch" */;
			buildPhases = (
				2463156C1E38903800B433D7 /* Sources */,
				2463156D1E38903800B433D7 /* Frameworks */,
				2463156E1E38903800B433D7 /* Resources */,
			);
			buildRules = (
			);
			dependencies = (
			);
			name = "Project 28 - SpotlightSearch";
			productName = "Project 28 - SpotlightSearch";
			productReference = 246315701E38903900B433D7 /* Project 28 - SpotlightSearch.app */;
			productType = "com.apple.product-type.application";
		};
/* End PBXNativeTarget section */

/* Begin PBXProject section */
		246315681E38903800B433D7 /* Project object */ = {
			isa = PBXProject;
			attributes = {
				LastSwiftUpdateCheck = 0820;
				LastUpgradeCheck = 0820;
				ORGANIZATIONNAME = q2650108;
				TargetAttributes = {
					2463156F1E38903800B433D7 = {
						CreatedOnToolsVersion = 8.2.1;
						DevelopmentTeam = KF4365QBY5;
						ProvisioningStyle = Automatic;
					};
				};
			};
			buildConfigurationList = 2463156B1E38903800B433D7 /* Build configuration list for PBXProject "Project 28 - SpotlightSearch" */;
			compatibilityVersion = "Xcode 3.2";
			developmentRegion = English;
			hasScannedForEncodings = 0;
			knownRegions = (
				en,
				Base,
			);
			mainGroup = 246315671E38903800B433D7;
			productRefGroup = 246315711E38903900B433D7 /* Products */;
			projectDirPath = "";
			projectRoot = "";
			targets = (
				2463156F1E38903800B433D7 /* Project 28 - SpotlightSearch */,
			);
		};
/* End PBXProject section */

/* Begin PBXResourcesBuildPhase section */
		2463156E1E38903800B433D7 /* Resources */ = {
			isa = PBXResourcesBuildPhase;
			buildActionMask = 2147483647;
			files = (
				246315921E3891BE00B433D7 /* spectre.jpg in Resources */,
				246315911E3891BE00B433D7 /* pixels.jpg in Resources */,
				246315901E3891BE00B433D7 /* jurassicworld.jpg in Resources */,
				246315931E3891BE00B433D7 /* terminatorgenisys.jpg in Resources */,
				246315811E38903900B433D7 /* LaunchScreen.storyboard in Resources */,
				2463157E1E38903900B433D7 /* Assets.xcassets in Resources */,
				246315941E3891BE00B433D7 /* themartian.jpg in Resources */,
				246315791E38903900B433D7 /* Main.storyboard in Resources */,
				2463158F1E3891BE00B433D7 /* MoviesData.plist in Resources */,
			);
			runOnlyForDeploymentPostprocessing = 0;
		};
/* End PBXResourcesBuildPhase section */

/* Begin PBXSourcesBuildPhase section */
		2463156C1E38903800B433D7 /* Sources */ = {
			isa = PBXSourcesBuildPhase;
			buildActionMask = 2147483647;
			files = (
				24D168C61E39B4C700F60417 /* DetailVC.swift in Sources */,
				246315971E38940900B433D7 /* MasterTVC.swift in Sources */,
				2463157C1E38903900B433D7 /* Project_28___SpotlightSearch.xcdatamodeld in Sources */,
				246315741E38903900B433D7 /* AppDelegate.swift in Sources */,
				246315991E3895F400B433D7 /* MasterTVCell.swift in Sources */,
			);
			runOnlyForDeploymentPostprocessing = 0;
		};
/* End PBXSourcesBuildPhase section */

/* Begin PBXVariantGroup section */
		246315771E38903900B433D7 /* Main.storyboard */ = {
			isa = PBXVariantGroup;
			children = (
				246315781E38903900B433D7 /* Base */,
			);
			name = Main.storyboard;
			sourceTree = "<group>";
		};
		2463157F1E38903900B433D7 /* LaunchScreen.storyboard */ = {
			isa = PBXVariantGroup;
			children = (
				246315801E38903900B433D7 /* Base */,
			);
			name = LaunchScreen.storyboard;
			sourceTree = "<group>";
		};
/* End PBXVariantGroup section */

/* Begin XCBuildConfiguration section */
		246315831E38903900B433D7 /* Debug */ = {
			isa = XCBuildConfiguration;
			buildSettings = {
				ALWAYS_SEARCH_USER_PATHS = NO;
				CLANG_ANALYZER_NONNULL = YES;
				CLANG_CXX_LANGUAGE_STANDARD = "gnu++0x";
				CLANG_CXX_LIBRARY = "libc++";
				CLANG_ENABLE_MODULES = YES;
				CLANG_ENABLE_OBJC_ARC = YES;
				CLANG_WARN_BOOL_CONVERSION = YES;
				CLANG_WARN_CONSTANT_CONVERSION = YES;
				CLANG_WARN_DIRECT_OBJC_ISA_USAGE = YES_ERROR;
				CLANG_WARN_DOCUMENTATION_COMMENTS = YES;
				CLANG_WARN_EMPTY_BODY = YES;
				CLANG_WARN_ENUM_CONVERSION = YES;
				CLANG_WARN_INFINITE_RECURSION = YES;
				CLANG_WARN_INT_CONVERSION = YES;
				CLANG_WARN_OBJC_ROOT_CLASS = YES_ERROR;
				CLANG_WARN_SUSPICIOUS_MOVE = YES;
				CLANG_WARN_UNREACHABLE_CODE = YES;
				CLANG_WARN__DUPLICATE_METHOD_MATCH = YES;
				"CODE_SIGN_IDENTITY[sdk=iphoneos*]" = "iPhone Developer";
				COPY_PHASE_STRIP = NO;
				DEBUG_INFORMATION_FORMAT = dwarf;
				ENABLE_STRICT_OBJC_MSGSEND = YES;
				ENABLE_TESTABILITY = YES;
				GCC_C_LANGUAGE_STANDARD = gnu99;
				GCC_DYNAMIC_NO_PIC = NO;
				GCC_NO_COMMON_BLOCKS = YES;
				GCC_OPTIMIZATION_LEVEL = 0;
				GCC_PREPROCESSOR_DEFINITIONS = (
					"DEBUG=1",
					"$(inherited)",
				);
				GCC_WARN_64_TO_32_BIT_CONVERSION = YES;
				GCC_WARN_ABOUT_RETURN_TYPE = YES_ERROR;
				GCC_WARN_UNDECLARED_SELECTOR = YES;
				GCC_WARN_UNINITIALIZED_AUTOS = YES_AGGRESSIVE;
				GCC_WARN_UNUSED_FUNCTION = YES;
				GCC_WARN_UNUSED_VARIABLE = YES;
				IPHONEOS_DEPLOYMENT_TARGET = 10.2;
				MTL_ENABLE_DEBUG_INFO = YES;
				ONLY_ACTIVE_ARCH = YES;
				SDKROOT = iphoneos;
				SWIFT_ACTIVE_COMPILATION_CONDITIONS = DEBUG;
				SWIFT_OPTIMIZATION_LEVEL = "-Onone";
			};
			name = Debug;
		};
		246315841E38903900B433D7 /* Release */ = {
			isa = XCBuildConfiguration;
			buildSettings = {
				ALWAYS_SEARCH_USER_PATHS = NO;
				CLANG_ANALYZER_NONNULL = YES;
				CLANG_CXX_LANGUAGE_STANDARD = "gnu++0x";
				CLANG_CXX_LIBRARY = "libc++";
				CLANG_ENABLE_MODULES = YES;
				CLANG_ENABLE_OBJC_ARC = YES;
				CLANG_WARN_BOOL_CONVERSION = YES;
				CLANG_WARN_CONSTANT_CONVERSION = YES;
				CLANG_WARN_DIRECT_OBJC_ISA_USAGE = YES_ERROR;
				CLANG_WARN_DOCUMENTATION_COMMENTS = YES;
				CLANG_WARN_EMPTY_BODY = YES;
				CLANG_WARN_ENUM_CONVERSION = YES;
				CLANG_WARN_INFINITE_RECURSION = YES;
				CLANG_WARN_INT_CONVERSION = YES;
				CLANG_WARN_OBJC_ROOT_CLASS = YES_ERROR;
				CLANG_WARN_SUSPICIOUS_MOVE = YES;
				CLANG_WARN_UNREACHABLE_CODE = YES;
				CLANG_WARN__DUPLICATE_METHOD_MATCH = YES;
				"CODE_SIGN_IDENTITY[sdk=iphoneos*]" = "iPhone Developer";
				COPY_PHASE_STRIP = NO;
				DEBUG_INFORMATION_FORMAT = "dwarf-with-dsym";
				ENABLE_NS_ASSERTIONS = NO;
				ENABLE_STRICT_OBJC_MSGSEND = YES;
				GCC_C_LANGUAGE_STANDARD = gnu99;
				GCC_NO_COMMON_BLOCKS = YES;
				GCC_WARN_64_TO_32_BIT_CONVERSION = YES;
				GCC_WARN_ABOUT_RETURN_TYPE = YES_ERROR;
				GCC_WARN_UNDECLARED_SELECTOR = YES;
				GCC_WARN_UNINITIALIZED_AUTOS = YES_AGGRESSIVE;
				GCC_WARN_UNUSED_FUNCTION = YES;
				GCC_WARN_UNUSED_VARIABLE = YES;
				IPHONEOS_DEPLOYMENT_TARGET = 10.2;
				MTL_ENABLE_DEBUG_INFO = NO;
				SDKROOT = iphoneos;
				SWIFT_OPTIMIZATION_LEVEL = "-Owholemodule";
				VALIDATE_PRODUCT = YES;
			};
			name = Release;
		};
		246315861E38903900B433D7 /* Debug */ = {
			isa = XCBuildConfiguration;
			buildSettings = {
				ASSETCATALOG_COMPILER_APPICON_NAME = AppIcon;
				DEVELOPMENT_TEAM = KF4365QBY5;
				INFOPLIST_FILE = "Project 28 - SpotlightSearch/Info.plist";
				LD_RUNPATH_SEARCH_PATHS = "$(inherited) @executable_path/Frameworks";
				PRODUCT_BUNDLE_IDENTIFIER = "com.q2650108.Project-28---SpotlightSearch";
				PRODUCT_NAME = "$(TARGET_NAME)";
				SWIFT_VERSION = 3.0;
			};
			name = Debug;
		};
		246315871E38903900B433D7 /* Release */ = {
			isa = XCBuildConfiguration;
			buildSettings = {
				ASSETCATALOG_COMPILER_APPICON_NAME = AppIcon;
				DEVELOPMENT_TEAM = KF4365QBY5;
				INFOPLIST_FILE = "Project 28 - SpotlightSearch/Info.plist";
				LD_RUNPATH_SEARCH_PATHS = "$(inherited) @executable_path/Frameworks";
				PRODUCT_BUNDLE_IDENTIFIER = "com.q2650108.Project-28---SpotlightSearch";
				PRODUCT_NAME = "$(TARGET_NAME)";
				SWIFT_VERSION = 3.0;
			};
			name = Release;
		};
/* End XCBuildConfiguration section */

/* Begin XCConfigurationList section */
		2463156B1E38903800B433D7 /* Build configuration list for PBXProject "Project 28 - SpotlightSearch" */ = {
			isa = XCConfigurationList;
			buildConfigurations = (
				246315831E38903900B433D7 /* Debug */,
				246315841E38903900B433D7 /* Release */,
			);
			defaultConfigurationIsVisible = 0;
			defaultConfigurationName = Release;
		};
		246315851E38903900B433D7 /* Build configuration list for PBXNativeTarget "Project 28 - SpotlightSearch" */ = {
			isa = XCConfigurationList;
			buildConfigurations = (
				246315861E38903900B433D7 /* Debug */,
				246315871E38903900B433D7 /* Release */,
			);
			defaultConfigurationIsVisible = 0;
			defaultConfigurationName = Release;
		};
/* End XCConfigurationList section */

/* Begin XCVersionGroup section */
		2463157A1E38903900B433D7 /* Project_28___SpotlightSearch.xcdatamodeld */ = {
			isa = XCVersionGroup;
			children = (
				2463157B1E38903900B433D7 /* Project_28___SpotlightSearch.xcdatamodel */,
			);
			currentVersion = 2463157B1E38903900B433D7 /* Project_28___SpotlightSearch.xcdatamodel */;
			path = "Project_28___SpotlightSearch.xcdatamodeld";
			sourceTree = "<group>";
			versionGroupType = wrapper.xcdatamodel;
		};
/* End XCVersionGroup section */
	};
	rootObject = 246315681E38903800B433D7 /* Project object */;
}
