// !$*UTF8*$!
{
	archiveVersion = 1;
	classes = {
	};
	objectVersion = 46;
	objects = {

/* Begin PBXBuildFile section */
		2442E4371DA5DF6B00BB82FD /* AppDelegate.swift in Sources */ = {isa = PBXBuildFile; fileRef = 2442E4361DA5DF6B00BB82FD /* AppDelegate.swift */; };
		2442E4391DA5DF6B00BB82FD /* ViewController.swift in Sources */ = {isa = PBXBuildFile; fileRef = 2442E4381DA5DF6B00BB82FD /* ViewController.swift */; };
		2442E43C1DA5DF6B00BB82FD /* Main.storyboard in Resources */ = {isa = PBXBuildFile; fileRef = 2442E43A1DA5DF6B00BB82FD /* Main.storyboard */; };
		2442E43E1DA5DF6B00BB82FD /* Assets.xcassets in Resources */ = {isa = PBXBuildFile; fileRef = 2442E43D1DA5DF6B00BB82FD /* Assets.xcassets */; };
		2442E4411DA5DF6B00BB82FD /* LaunchScreen.storyboard in Resources */ = {isa = PBXBuildFile; fileRef = 2442E43F1DA5DF6B00BB82FD /* LaunchScreen.storyboard */; };
/* End PBXBuildFile section */

/* Begin PBXFileReference section */
		2442E4331DA5DF6B00BB82FD /* Project-01-SimpleStopWatch.app */ = {isa = PBXFileReference; explicitFileType = wrapper.application; includeInIndex = 0; path = "Project-01-SimpleStopWatch.app"; sourceTree = BUILT_PRODUCTS_DIR; };
		2442E4361DA5DF6B00BB82FD /* AppDelegate.swift */ = {isa = PBXFileReference; lastKnownFileType = sourcecode.swift; path = AppDelegate.swift; sourceTree = "<group>"; };
		2442E4381DA5DF6B00BB82FD /* ViewController.swift */ = {isa = PBXFileReference; lastKnownFileType = sourcecode.swift; path = ViewController.swift; sourceTree = "<group>"; };
		2442E43B1DA5DF6B00BB82FD /* Base */ = {isa = PBXFileReference; lastKnownFileType = file.storyboard; name = Base; path = Base.lproj/Main.storyboard; sourceTree = "<group>"; };
		2442E43D1DA5DF6B00BB82FD /* Assets.xcassets */ = {isa = PBXFileReference; lastKnownFileType = folder.assetcatalog; path = Assets.xcassets; sourceTree = "<group>"; };
		2442E4401DA5DF6B00BB82FD /* Base */ = {isa = PBXFileReference; lastKnownFileType = file.storyboard; name = Base; path = Base.lproj/LaunchScreen.storyboard; sourceTree = "<group>"; };
		2442E4421DA5DF6B00BB82FD /* Info.plist */ = {isa = PBXFileReference; lastKnownFileType = text.plist.xml; path = Info.plist; sourceTree = "<group>"; };
/* End PBXFileReference section */

/* Begin PBXFrameworksBuildPhase section */
		2442E4301DA5DF6B00BB82FD /* Frameworks */ = {
			isa = PBXFrameworksBuildPhase;
			buildActionMask = 2147483647;
			files = (
			);
			runOnlyForDeploymentPostprocessing = 0;
		};
/* End PBXFrameworksBuildPhase section */

/* Begin PBXGroup section */
		2442E42A1DA5DF6B00BB82FD = {
			isa = PBXGroup;
			children = (
				2442E4351DA5DF6B00BB82FD /* Project-01-SimpleStopWatch */,
				2442E4341DA5DF6B00BB82FD /* Products */,
			);
			sourceTree = "<group>";
		};
		2442E4341DA5DF6B00BB82FD /* Products */ = {
			isa = PBXGroup;
			children = (
				2442E4331DA5DF6B00BB82FD /* Project-01-SimpleStopWatch.app */,
			);
			name = Products;
			sourceTree = "<group>";
		};
		2442E4351DA5DF6B00BB82FD /* Project-01-SimpleStopWatch */ = {
			isa = PBXGroup;
			children = (
				2442E4361DA5DF6B00BB82FD /* AppDelegate.swift */,
				2442E4381DA5DF6B00BB82FD /* ViewController.swift */,
				2442E43A1DA5DF6B00BB82FD /* Main.storyboard */,
				2442E43D1DA5DF6B00BB82FD /* Assets.xcassets */,
				2442E43F1DA5DF6B00BB82FD /* LaunchScreen.storyboard */,
				2442E4421DA5DF6B00BB82FD /* Info.plist */,
			);
			path = "Project-01-SimpleStopWatch";
			sourceTree = "<group>";
		};
/* End PBXGroup section */

/* Begin PBXNativeTarget section */
		2442E4321DA5DF6B00BB82FD /* Project-01-SimpleStopWatch */ = {
			isa = PBXNativeTarget;
			buildConfigurationList = 2442E4451DA5DF6B00BB82FD /* Build configuration list for PBXNativeTarget "Project-01-SimpleStopWatch" */;
			buildPhases = (
				2442E42F1DA5DF6B00BB82FD /* Sources */,
				2442E4301DA5DF6B00BB82FD /* Frameworks */,
				2442E4311DA5DF6B00BB82FD /* Resources */,
			);
			buildRules = (
			);
			dependencies = (
			);
			name = "Project-01-SimpleStopWatch";
			productName = "Project-01-SimpleStopWatch";
			productReference = 2442E4331DA5DF6B00BB82FD /* Project-01-SimpleStopWatch.app */;
			productType = "com.apple.product-type.application";
		};
/* End PBXNativeTarget section */

/* Begin PBXProject section */
		2442E42B1DA5DF6B00BB82FD /* Project object */ = {
			isa = PBXProject;
			attributes = {
				LastSwiftUpdateCheck = 0730;
				LastUpgradeCheck = 0730;
				ORGANIZATIONNAME = q2650108;
				TargetAttributes = {
					2442E4321DA5DF6B00BB82FD = {
						CreatedOnToolsVersion = 7.3.1;
						DevelopmentTeam = KF4365QBY5;
					};
				};
			};
			buildConfigurationList = 2442E42E1DA5DF6B00BB82FD /* Build configuration list for PBXProject "Project-01-SimpleStopWatch" */;
			compatibilityVersion = "Xcode 3.2";
			developmentRegion = English;
			hasScannedForEncodings = 0;
			knownRegions = (
				en,
				Base,
			);
			mainGroup = 2442E42A1DA5DF6B00BB82FD;
			productRefGroup = 2442E4341DA5DF6B00BB82FD /* Products */;
			projectDirPath = "";
			projectRoot = "";
			targets = (
				2442E4321DA5DF6B00BB82FD /* Project-01-SimpleStopWatch */,
			);
		};
/* End PBXProject section */

/* Begin PBXResourcesBuildPhase section */
		2442E4311DA5DF6B00BB82FD /* Resources */ = {
			isa = PBXResourcesBuildPhase;
			buildActionMask = 2147483647;
			files = (
				2442E4411DA5DF6B00BB82FD /* LaunchScreen.storyboard in Resources */,
				2442E43E1DA5DF6B00BB82FD /* Assets.xcassets in Resources */,
				2442E43C1DA5DF6B00BB82FD /* Main.storyboard in Resources */,
			);
			runOnlyForDeploymentPostprocessing = 0;
		};
/* End PBXResourcesBuildPhase section */

/* Begin PBXSourcesBuildPhase section */
		2442E42F1DA5DF6B00BB82FD /* Sources */ = {
			isa = PBXSourcesBuildPhase;
			buildActionMask = 2147483647;
			files = (
				2442E4391DA5DF6B00BB82FD /* ViewController.swift in Sources */,
				2442E4371DA5DF6B00BB82FD /* AppDelegate.swift in Sources */,
			);
			runOnlyForDeploymentPostprocessing = 0;
		};
/* End PBXSourcesBuildPhase section */

/* Begin PBXVariantGroup section */
		2442E43A1DA5DF6B00BB82FD /* Main.storyboard */ = {
			isa = PBXVariantGroup;
			children = (
				2442E43B1DA5DF6B00BB82FD /* Base */,
			);
			name = Main.storyboard;
			sourceTree = "<group>";
		};
		2442E43F1DA5DF6B00BB82FD /* LaunchScreen.storyboard */ = {
			isa = PBXVariantGroup;
			children = (
				2442E4401DA5DF6B00BB82FD /* Base */,
			);
			name = LaunchScreen.storyboard;
			sourceTree = "<group>";
		};
/* End PBXVariantGroup section */

/* Begin XCBuildConfiguration section */
		2442E4431DA5DF6B00BB82FD /* Debug */ = {
			isa = XCBuildConfiguration;
			buildSettings = {
				ALWAYS_SEARCH_USER_PATHS = NO;
				CLANG_ANALYZER_NONNULL = YES;
				CLANG_CXX_LANGUAGE_STANDARD = "gnu++0x";
				CLANG_CXX_LIBRARY = "libc++";
				CLANG_ENABLE_MODULES = YES;
				CLANG_ENABLE_OBJC_ARC = YES;
				CLANG_WARN_BOOL_CONVERSION = YES;
				CLANG_WARN_CONSTANT_CONVERSION = YES;
				CLANG_WARN_DIRECT_OBJC_ISA_USAGE = YES_ERROR;
				CLANG_WARN_EMPTY_BODY = YES;
				CLANG_WARN_ENUM_CONVERSION = YES;
				CLANG_WARN_INT_CONVERSION = YES;
				CLANG_WARN_OBJC_ROOT_CLASS = YES_ERROR;
				CLANG_WARN_UNREACHABLE_CODE = YES;
				CLANG_WARN__DUPLICATE_METHOD_MATCH = YES;
				"CODE_SIGN_IDENTITY[sdk=iphoneos*]" = "iPhone Developer";
				COPY_PHASE_STRIP = NO;
				DEBUG_INFORMATION_FORMAT = dwarf;
				ENABLE_STRICT_OBJC_MSGSEND = YES;
				ENABLE_TESTABILITY = YES;
				GCC_C_LANGUAGE_STANDARD = gnu99;
				GCC_DYNAMIC_NO_PIC = NO;
				GCC_NO_COMMON_BLOCKS = YES;
				GCC_OPTIMIZATION_LEVEL = 0;
				GCC_PREPROCESSOR_DEFINITIONS = (
					"DEBUG=1",
					"$(inherited)",
				);
				GCC_WARN_64_TO_32_BIT_CONVERSION = YES;
				GCC_WARN_ABOUT_RETURN_TYPE = YES_ERROR;
				GCC_WARN_UNDECLARED_SELECTOR = YES;
				GCC_WARN_UNINITIALIZED_AUTOS = YES_AGGRESSIVE;
				GCC_WARN_UNUSED_FUNCTION = YES;
				GCC_WARN_UNUSED_VARIABLE = YES;
				IPHONEOS_DEPLOYMENT_TARGET = 9.3;
				MTL_ENABLE_DEBUG_INFO = YES;
				ONLY_ACTIVE_ARCH = YES;
				SDKROOT = iphoneos;
				SWIFT_OPTIMIZATION_LEVEL = "-Onone";
			};
			name = Debug;
		};
		2442E4441DA5DF6B00BB82FD /* Release */ = {
			isa = XCBuildConfiguration;
			buildSettings = {
				ALWAYS_SEARCH_USER_PATHS = NO;
				CLANG_ANALYZER_NONNULL = YES;
				CLANG_CXX_LANGUAGE_STANDARD = "gnu++0x";
				CLANG_CXX_LIBRARY = "libc++";
				CLANG_ENABLE_MODULES = YES;
				CLANG_ENABLE_OBJC_ARC = YES;
				CLANG_WARN_BOOL_CONVERSION = YES;
				CLANG_WARN_CONSTANT_CONVERSION = YES;
				CLANG_WARN_DIRECT_OBJC_ISA_USAGE = YES_ERROR;
				CLANG_WARN_EMPTY_BODY = YES;
				CLANG_WARN_ENUM_CONVERSION = YES;
				CLANG_WARN_INT_CONVERSION = YES;
				CLANG_WARN_OBJC_ROOT_CLASS = YES_ERROR;
				CLANG_WARN_UNREACHABLE_CODE = YES;
				CLANG_WARN__DUPLICATE_METHOD_MATCH = YES;
				"CODE_SIGN_IDENTITY[sdk=iphoneos*]" = "iPhone Developer";
				COPY_PHASE_STRIP = NO;
				DEBUG_INFORMATION_FORMAT = "dwarf-with-dsym";
				ENABLE_NS_ASSERTIONS = NO;
				ENABLE_STRICT_OBJC_MSGSEND = YES;
				GCC_C_LANGUAGE_STANDARD = gnu99;
				GCC_NO_COMMON_BLOCKS = YES;
				GCC_WARN_64_TO_32_BIT_CONVERSION = YES;
				GCC_WARN_ABOUT_RETURN_TYPE = YES_ERROR;
				GCC_WARN_UNDECLARED_SELECTOR = YES;
				GCC_WARN_UNINITIALIZED_AUTOS = YES_AGGRESSIVE;
				GCC_WARN_UNUSED_FUNCTION = YES;
				GCC_WARN_UNUSED_VARIABLE = YES;
				IPHONEOS_DEPLOYMENT_TARGET = 9.3;
				MTL_ENABLE_DEBUG_INFO = NO;
				SDKROOT = iphoneos;
				VALIDATE_PRODUCT = YES;
			};
			name = Release;
		};
		2442E4461DA5DF6B00BB82FD /* Debug */ = {
			isa = XCBuildConfiguration;
			buildSettings = {
				ASSETCATALOG_COMPILER_APPICON_NAME = AppIcon;
				CODE_SIGN_IDENTITY = "iPhone Developer";
				"CODE_SIGN_IDENTITY[sdk=iphoneos*]" = "iPhone Developer";
				INFOPLIST_FILE = "Project-01-SimpleStopWatch/Info.plist";
				LD_RUNPATH_SEARCH_PATHS = "$(inherited) @executable_path/Frameworks";
				PRODUCT_BUNDLE_IDENTIFIER = com.q2650108.Project01SimpleStopWatch;
				PRODUCT_NAME = "$(TARGET_NAME)";
				PROVISIONING_PROFILE = "";
			};
			name = Debug;
		};
		2442E4471DA5DF6B00BB82FD /* Release */ = {
			isa = XCBuildConfiguration;
			buildSettings = {
				ASSETCATALOG_COMPILER_APPICON_NAME = AppIcon;
				CODE_SIGN_IDENTITY = "iPhone Developer";
				"CODE_SIGN_IDENTITY[sdk=iphoneos*]" = "iPhone Developer";
				INFOPLIST_FILE = "Project-01-SimpleStopWatch/Info.plist";
				LD_RUNPATH_SEARCH_PATHS = "$(inherited) @executable_path/Frameworks";
				PRODUCT_BUNDLE_IDENTIFIER = com.q2650108.Project01SimpleStopWatch;
				PRODUCT_NAME = "$(TARGET_NAME)";
				PROVISIONING_PROFILE = "";
			};
			name = Release;
		};
/* End XCBuildConfiguration section */

/* Begin XCConfigurationList section */
		2442E42E1DA5DF6B00BB82FD /* Build configuration list for PBXProject "Project-01-SimpleStopWatch" */ = {
			isa = XCConfigurationList;
			buildConfigurations = (
				2442E4431DA5DF6B00BB82FD /* Debug */,
				2442E4441DA5DF6B00BB82FD /* Release */,
			);
			defaultConfigurationIsVisible = 0;
			defaultConfigurationName = Release;
		};
		2442E4451DA5DF6B00BB82FD /* Build configuration list for PBXNativeTarget "Project-01-SimpleStopWatch" */ = {
			isa = XCConfigurationList;
			buildConfigurations = (
				2442E4461DA5DF6B00BB82FD /* Debug */,
				2442E4471DA5DF6B00BB82FD /* Release */,
			);
			defaultConfigurationIsVisible = 0;
			defaultConfigurationName = Release;
		};
/* End XCConfigurationList section */
	};
	rootObject = 2442E42B1DA5DF6B00BB82FD /* Project object */;
}
