// !$*UTF8*$!
{
	archiveVersion = 1;
	classes = {
	};
	objectVersion = 46;
	objects = {

/* Begin PBXBuildFile section */
		24F187791DB8B16F007BDA23 /* AppDelegate.swift in Sources */ = {isa = PBXBuildFile; fileRef = 24F187781DB8B16F007BDA23 /* AppDelegate.swift */; };
		24F1877E1DB8B16F007BDA23 /* Main.storyboard in Resources */ = {isa = PBXBuildFile; fileRef = 24F1877C1DB8B16F007BDA23 /* Main.storyboard */; };
		24F187801DB8B16F007BDA23 /* Assets.xcassets in Resources */ = {isa = PBXBuildFile; fileRef = 24F1877F1DB8B16F007BDA23 /* Assets.xcassets */; };
		24F187831DB8B16F007BDA23 /* LaunchScreen.storyboard in Resources */ = {isa = PBXBuildFile; fileRef = 24F187811DB8B16F007BDA23 /* LaunchScreen.storyboard */; };
		24F1878F1DB8BBF8007BDA23 /* MyCollectionViewController.swift in Sources */ = {isa = PBXBuildFile; fileRef = 24F1878E1DB8BBF8007BDA23 /* MyCollectionViewController.swift */; };
		24F187921DB8BE13007BDA23 /* MyCollectionViewCell.swift in Sources */ = {isa = PBXBuildFile; fileRef = 24F187911DB8BE13007BDA23 /* MyCollectionViewCell.swift */; };
/* End PBXBuildFile section */

/* Begin PBXFileReference section */
		24F187751DB8B16F007BDA23 /* Project 05 - CarouselEffect.app */ = {isa = PBXFileReference; explicitFileType = wrapper.application; includeInIndex = 0; path = "Project 05 - CarouselEffect.app"; sourceTree = BUILT_PRODUCTS_DIR; };
		24F187781DB8B16F007BDA23 /* AppDelegate.swift */ = {isa = PBXFileReference; lastKnownFileType = sourcecode.swift; path = AppDelegate.swift; sourceTree = "<group>"; };
		24F1877D1DB8B16F007BDA23 /* Base */ = {isa = PBXFileReference; lastKnownFileType = file.storyboard; name = Base; path = Base.lproj/Main.storyboard; sourceTree = "<group>"; };
		24F1877F1DB8B16F007BDA23 /* Assets.xcassets */ = {isa = PBXFileReference; lastKnownFileType = folder.assetcatalog; path = Assets.xcassets; sourceTree = "<group>"; };
		24F187821DB8B16F007BDA23 /* Base */ = {isa = PBXFileReference; lastKnownFileType = file.storyboard; name = Base; path = Base.lproj/LaunchScreen.storyboard; sourceTree = "<group>"; };
		24F187841DB8B16F007BDA23 /* Info.plist */ = {isa = PBXFileReference; lastKnownFileType = text.plist.xml; path = Info.plist; sourceTree = "<group>"; };
		24F1878E1DB8BBF8007BDA23 /* MyCollectionViewController.swift */ = {isa = PBXFileReference; fileEncoding = 4; lastKnownFileType = sourcecode.swift; path = MyCollectionViewController.swift; sourceTree = "<group>"; };
		24F187911DB8BE13007BDA23 /* MyCollectionViewCell.swift */ = {isa = PBXFileReference; fileEncoding = 4; lastKnownFileType = sourcecode.swift; path = MyCollectionViewCell.swift; sourceTree = "<group>"; };
/* End PBXFileReference section */

/* Begin PBXFrameworksBuildPhase section */
		24F187721DB8B16F007BDA23 /* Frameworks */ = {
			isa = PBXFrameworksBuildPhase;
			buildActionMask = 2147483647;
			files = (
			);
			runOnlyForDeploymentPostprocessing = 0;
		};
/* End PBXFrameworksBuildPhase section */

/* Begin PBXGroup section */
		24F1876C1DB8B16F007BDA23 = {
			isa = PBXGroup;
			children = (
				24F187771DB8B16F007BDA23 /* Project 05 - CarouselEffect */,
				24F187761DB8B16F007BDA23 /* Products */,
			);
			sourceTree = "<group>";
		};
		24F187761DB8B16F007BDA23 /* Products */ = {
			isa = PBXGroup;
			children = (
				24F187751DB8B16F007BDA23 /* Project 05 - CarouselEffect.app */,
			);
			name = Products;
			sourceTree = "<group>";
		};
		24F187771DB8B16F007BDA23 /* Project 05 - CarouselEffect */ = {
			isa = PBXGroup;
			children = (
				24F1878E1DB8BBF8007BDA23 /* MyCollectionViewController.swift */,
				24F187911DB8BE13007BDA23 /* MyCollectionViewCell.swift */,
				24F187781DB8B16F007BDA23 /* AppDelegate.swift */,
				24F1877C1DB8B16F007BDA23 /* Main.storyboard */,
				24F1877F1DB8B16F007BDA23 /* Assets.xcassets */,
				24F187811DB8B16F007BDA23 /* LaunchScreen.storyboard */,
				24F187841DB8B16F007BDA23 /* Info.plist */,
			);
			path = "Project 05 - CarouselEffect";
			sourceTree = "<group>";
		};
/* End PBXGroup section */

/* Begin PBXNativeTarget section */
		24F187741DB8B16F007BDA23 /* Project 05 - CarouselEffect */ = {
			isa = PBXNativeTarget;
			buildConfigurationList = 24F187871DB8B16F007BDA23 /* Build configuration list for PBXNativeTarget "Project 05 - CarouselEffect" */;
			buildPhases = (
				24F187711DB8B16F007BDA23 /* Sources */,
				24F187721DB8B16F007BDA23 /* Frameworks */,
				24F187731DB8B16F007BDA23 /* Resources */,
			);
			buildRules = (
			);
			dependencies = (
			);
			name = "Project 05 - CarouselEffect";
			productName = "Project 05 - CarouselEffect";
			productReference = 24F187751DB8B16F007BDA23 /* Project 05 - CarouselEffect.app */;
			productType = "com.apple.product-type.application";
		};
/* End PBXNativeTarget section */

/* Begin PBXProject section */
		24F1876D1DB8B16F007BDA23 /* Project object */ = {
			isa = PBXProject;
			attributes = {
				LastSwiftUpdateCheck = 0730;
				LastUpgradeCheck = 0730;
				ORGANIZATIONNAME = q2650108;
				TargetAttributes = {
					24F187741DB8B16F007BDA23 = {
						CreatedOnToolsVersion = 7.3.1;
					};
				};
			};
			buildConfigurationList = 24F187701DB8B16F007BDA23 /* Build configuration list for PBXProject "Project 05 - CarouselEffect" */;
			compatibilityVersion = "Xcode 3.2";
			developmentRegion = English;
			hasScannedForEncodings = 0;
			knownRegions = (
				en,
				Base,
			);
			mainGroup = 24F1876C1DB8B16F007BDA23;
			productRefGroup = 24F187761DB8B16F007BDA23 /* Products */;
			projectDirPath = "";
			projectRoot = "";
			targets = (
				24F187741DB8B16F007BDA23 /* Project 05 - CarouselEffect */,
			);
		};
/* End PBXProject section */

/* Begin PBXResourcesBuildPhase section */
		24F187731DB8B16F007BDA23 /* Resources */ = {
			isa = PBXResourcesBuildPhase;
			buildActionMask = 2147483647;
			files = (
				24F187831DB8B16F007BDA23 /* LaunchScreen.storyboard in Resources */,
				24F187801DB8B16F007BDA23 /* Assets.xcassets in Resources */,
				24F1877E1DB8B16F007BDA23 /* Main.storyboard in Resources */,
			);
			runOnlyForDeploymentPostprocessing = 0;
		};
/* End PBXResourcesBuildPhase section */

/* Begin PBXSourcesBuildPhase section */
		24F187711DB8B16F007BDA23 /* Sources */ = {
			isa = PBXSourcesBuildPhase;
			buildActionMask = 2147483647;
			files = (
				24F1878F1DB8BBF8007BDA23 /* MyCollectionViewController.swift in Sources */,
				24F187791DB8B16F007BDA23 /* AppDelegate.swift in Sources */,
				24F187921DB8BE13007BDA23 /* MyCollectionViewCell.swift in Sources */,
			);
			runOnlyForDeploymentPostprocessing = 0;
		};
/* End PBXSourcesBuildPhase section */

/* Begin PBXVariantGroup section */
		24F1877C1DB8B16F007BDA23 /* Main.storyboard */ = {
			isa = PBXVariantGroup;
			children = (
				24F1877D1DB8B16F007BDA23 /* Base */,
			);
			name = Main.storyboard;
			sourceTree = "<group>";
		};
		24F187811DB8B16F007BDA23 /* LaunchScreen.storyboard */ = {
			isa = PBXVariantGroup;
			children = (
				24F187821DB8B16F007BDA23 /* Base */,
			);
			name = LaunchScreen.storyboard;
			sourceTree = "<group>";
		};
/* End PBXVariantGroup section */

/* Begin XCBuildConfiguration section */
		24F187851DB8B16F007BDA23 /* Debug */ = {
			isa = XCBuildConfiguration;
			buildSettings = {
				ALWAYS_SEARCH_USER_PATHS = NO;
				CLANG_ANALYZER_NONNULL = YES;
				CLANG_CXX_LANGUAGE_STANDARD = "gnu++0x";
				CLANG_CXX_LIBRARY = "libc++";
				CLANG_ENABLE_MODULES = YES;
				CLANG_ENABLE_OBJC_ARC = YES;
				CLANG_WARN_BOOL_CONVERSION = YES;
				CLANG_WARN_CONSTANT_CONVERSION = YES;
				CLANG_WARN_DIRECT_OBJC_ISA_USAGE = YES_ERROR;
				CLANG_WARN_EMPTY_BODY = YES;
				CLANG_WARN_ENUM_CONVERSION = YES;
				CLANG_WARN_INT_CONVERSION = YES;
				CLANG_WARN_OBJC_ROOT_CLASS = YES_ERROR;
				CLANG_WARN_UNREACHABLE_CODE = YES;
				CLANG_WARN__DUPLICATE_METHOD_MATCH = YES;
				"CODE_SIGN_IDENTITY[sdk=iphoneos*]" = "iPhone Developer";
				COPY_PHASE_STRIP = NO;
				DEBUG_INFORMATION_FORMAT = dwarf;
				ENABLE_STRICT_OBJC_MSGSEND = YES;
				ENABLE_TESTABILITY = YES;
				GCC_C_LANGUAGE_STANDARD = gnu99;
				GCC_DYNAMIC_NO_PIC = NO;
				GCC_NO_COMMON_BLOCKS = YES;
				GCC_OPTIMIZATION_LEVEL = 0;
				GCC_PREPROCESSOR_DEFINITIONS = (
					"DEBUG=1",
					"$(inherited)",
				);
				GCC_WARN_64_TO_32_BIT_CONVERSION = YES;
				GCC_WARN_ABOUT_RETURN_TYPE = YES_ERROR;
				GCC_WARN_UNDECLARED_SELECTOR = YES;
				GCC_WARN_UNINITIALIZED_AUTOS = YES_AGGRESSIVE;
				GCC_WARN_UNUSED_FUNCTION = YES;
				GCC_WARN_UNUSED_VARIABLE = YES;
				IPHONEOS_DEPLOYMENT_TARGET = 9.3;
				MTL_ENABLE_DEBUG_INFO = YES;
				ONLY_ACTIVE_ARCH = YES;
				SDKROOT = iphoneos;
				SWIFT_OPTIMIZATION_LEVEL = "-Onone";
			};
			name = Debug;
		};
		24F187861DB8B16F007BDA23 /* Release */ = {
			isa = XCBuildConfiguration;
			buildSettings = {
				ALWAYS_SEARCH_USER_PATHS = NO;
				CLANG_ANALYZER_NONNULL = YES;
				CLANG_CXX_LANGUAGE_STANDARD = "gnu++0x";
				CLANG_CXX_LIBRARY = "libc++";
				CLANG_ENABLE_MODULES = YES;
				CLANG_ENABLE_OBJC_ARC = YES;
				CLANG_WARN_BOOL_CONVERSION = YES;
				CLANG_WARN_CONSTANT_CONVERSION = YES;
				CLANG_WARN_DIRECT_OBJC_ISA_USAGE = YES_ERROR;
				CLANG_WARN_EMPTY_BODY = YES;
				CLANG_WARN_ENUM_CONVERSION = YES;
				CLANG_WARN_INT_CONVERSION = YES;
				CLANG_WARN_OBJC_ROOT_CLASS = YES_ERROR;
				CLANG_WARN_UNREACHABLE_CODE = YES;
				CLANG_WARN__DUPLICATE_METHOD_MATCH = YES;
				"CODE_SIGN_IDENTITY[sdk=iphoneos*]" = "iPhone Developer";
				COPY_PHASE_STRIP = NO;
				DEBUG_INFORMATION_FORMAT = "dwarf-with-dsym";
				ENABLE_NS_ASSERTIONS = NO;
				ENABLE_STRICT_OBJC_MSGSEND = YES;
				GCC_C_LANGUAGE_STANDARD = gnu99;
				GCC_NO_COMMON_BLOCKS = YES;
				GCC_WARN_64_TO_32_BIT_CONVERSION = YES;
				GCC_WARN_ABOUT_RETURN_TYPE = YES_ERROR;
				GCC_WARN_UNDECLARED_SELECTOR = YES;
				GCC_WARN_UNINITIALIZED_AUTOS = YES_AGGRESSIVE;
				GCC_WARN_UNUSED_FUNCTION = YES;
				GCC_WARN_UNUSED_VARIABLE = YES;
				IPHONEOS_DEPLOYMENT_TARGET = 9.3;
				MTL_ENABLE_DEBUG_INFO = NO;
				SDKROOT = iphoneos;
				VALIDATE_PRODUCT = YES;
			};
			name = Release;
		};
		24F187881DB8B16F007BDA23 /* Debug */ = {
			isa = XCBuildConfiguration;
			buildSettings = {
				ASSETCATALOG_COMPILER_APPICON_NAME = AppIcon;
				INFOPLIST_FILE = "Project 05 - CarouselEffect/Info.plist";
				LD_RUNPATH_SEARCH_PATHS = "$(inherited) @executable_path/Frameworks";
				PRODUCT_BUNDLE_IDENTIFIER = "com.q2650108.Project-05---CarouselEffect";
				PRODUCT_NAME = "$(TARGET_NAME)";
			};
			name = Debug;
		};
		24F187891DB8B16F007BDA23 /* Release */ = {
			isa = XCBuildConfiguration;
			buildSettings = {
				ASSETCATALOG_COMPILER_APPICON_NAME = AppIcon;
				INFOPLIST_FILE = "Project 05 - CarouselEffect/Info.plist";
				LD_RUNPATH_SEARCH_PATHS = "$(inherited) @executable_path/Frameworks";
				PRODUCT_BUNDLE_IDENTIFIER = "com.q2650108.Project-05---CarouselEffect";
				PRODUCT_NAME = "$(TARGET_NAME)";
			};
			name = Release;
		};
/* End XCBuildConfiguration section */

/* Begin XCConfigurationList section */
		24F187701DB8B16F007BDA23 /* Build configuration list for PBXProject "Project 05 - CarouselEffect" */ = {
			isa = XCConfigurationList;
			buildConfigurations = (
				24F187851DB8B16F007BDA23 /* Debug */,
				24F187861DB8B16F007BDA23 /* Release */,
			);
			defaultConfigurationIsVisible = 0;
			defaultConfigurationName = Release;
		};
		24F187871DB8B16F007BDA23 /* Build configuration list for PBXNativeTarget "Project 05 - CarouselEffect" */ = {
			isa = XCConfigurationList;
			buildConfigurations = (
				24F187881DB8B16F007BDA23 /* Debug */,
				24F187891DB8B16F007BDA23 /* Release */,
			);
			defaultConfigurationIsVisible = 0;
		};
/* End XCConfigurationList section */
	};
	rootObject = 24F1876D1DB8B16F007BDA23 /* Project object */;
}
