// !$*UTF8*$!
{
	archiveVersion = 1;
	classes = {
	};
	objectVersion = 46;
	objects = {

/* Begin PBXBuildFile section */
		2441CF981DB4A5EC00578AD3 /* AppDelegate.swift in Sources */ = {isa = PBXBuildFile; fileRef = 2441CF971DB4A5EC00578AD3 /* AppDelegate.swift */; };
		2441CF9A1DB4A5EC00578AD3 /* ViewController.swift in Sources */ = {isa = PBXBuildFile; fileRef = 2441CF991DB4A5EC00578AD3 /* ViewController.swift */; };
		2441CF9F1DB4A5EC00578AD3 /* Assets.xcassets in Resources */ = {isa = PBXBuildFile; fileRef = 2441CF9E1DB4A5EC00578AD3 /* Assets.xcassets */; };
		2441CFA21DB4A5EC00578AD3 /* LaunchScreen.storyboard in Resources */ = {isa = PBXBuildFile; fileRef = 2441CFA01DB4A5EC00578AD3 /* LaunchScreen.storyboard */; };
		2441CFAA1DB4A60800578AD3 /* Main.storyboard in Resources */ = {isa = PBXBuildFile; fileRef = 2441CFA91DB4A60800578AD3 /* Main.storyboard */; };
/* End PBXBuildFile section */

/* Begin PBXFileReference section */
		2441CF941DB4A5EC00578AD3 /* Project 01 - SimpleStopWatch.app */ = {isa = PBXFileReference; explicitFileType = wrapper.application; includeInIndex = 0; path = "Project 01 - SimpleStopWatch.app"; sourceTree = BUILT_PRODUCTS_DIR; };
		2441CF971DB4A5EC00578AD3 /* AppDelegate.swift */ = {isa = PBXFileReference; lastKnownFileType = sourcecode.swift; path = AppDelegate.swift; sourceTree = "<group>"; };
		2441CF991DB4A5EC00578AD3 /* ViewController.swift */ = {isa = PBXFileReference; lastKnownFileType = sourcecode.swift; path = ViewController.swift; sourceTree = "<group>"; };
		2441CF9E1DB4A5EC00578AD3 /* Assets.xcassets */ = {isa = PBXFileReference; lastKnownFileType = folder.assetcatalog; path = Assets.xcassets; sourceTree = "<group>"; };
		2441CFA11DB4A5EC00578AD3 /* Base */ = {isa = PBXFileReference; lastKnownFileType = file.storyboard; name = Base; path = Base.lproj/LaunchScreen.storyboard; sourceTree = "<group>"; };
		2441CFA31DB4A5EC00578AD3 /* Info.plist */ = {isa = PBXFileReference; lastKnownFileType = text.plist.xml; path = Info.plist; sourceTree = "<group>"; };
		2441CFA91DB4A60800578AD3 /* Main.storyboard */ = {isa = PBXFileReference; fileEncoding = 4; lastKnownFileType = file.storyboard; path = Main.storyboard; sourceTree = "<group>"; };
/* End PBXFileReference section */

/* Begin PBXFrameworksBuildPhase section */
		2441CF911DB4A5EC00578AD3 /* Frameworks */ = {
			isa = PBXFrameworksBuildPhase;
			buildActionMask = 2147483647;
			files = (
			);
			runOnlyForDeploymentPostprocessing = 0;
		};
/* End PBXFrameworksBuildPhase section */

/* Begin PBXGroup section */
		2441CF8B1DB4A5EC00578AD3 = {
			isa = PBXGroup;
			children = (
				2441CF961DB4A5EC00578AD3 /* Project 01 - SimpleStopWatch */,
				2441CF951DB4A5EC00578AD3 /* Products */,
			);
			sourceTree = "<group>";
		};
		2441CF951DB4A5EC00578AD3 /* Products */ = {
			isa = PBXGroup;
			children = (
				2441CF941DB4A5EC00578AD3 /* Project 01 - SimpleStopWatch.app */,
			);
			name = Products;
			sourceTree = "<group>";
		};
		2441CF961DB4A5EC00578AD3 /* Project 01 - SimpleStopWatch */ = {
			isa = PBXGroup;
			children = (
				2441CF971DB4A5EC00578AD3 /* AppDelegate.swift */,
				2441CF991DB4A5EC00578AD3 /* ViewController.swift */,
				2441CFA91DB4A60800578AD3 /* Main.storyboard */,
				2441CF9E1DB4A5EC00578AD3 /* Assets.xcassets */,
				2441CFA01DB4A5EC00578AD3 /* LaunchScreen.storyboard */,
				2441CFA31DB4A5EC00578AD3 /* Info.plist */,
			);
			path = "Project 01 - SimpleStopWatch";
			sourceTree = "<group>";
		};
/* End PBXGroup section */

/* Begin PBXNativeTarget section */
		2441CF931DB4A5EC00578AD3 /* Project 01 - SimpleStopWatch */ = {
			isa = PBXNativeTarget;
			buildConfigurationList = 2441CFA61DB4A5EC00578AD3 /* Build configuration list for PBXNativeTarget "Project 01 - SimpleStopWatch" */;
			buildPhases = (
				2441CF901DB4A5EC00578AD3 /* Sources */,
				2441CF911DB4A5EC00578AD3 /* Frameworks */,
				2441CF921DB4A5EC00578AD3 /* Resources */,
			);
			buildRules = (
			);
			dependencies = (
			);
			name = "Project 01 - SimpleStopWatch";
			productName = "Project 01 - SimpleStopWatch";
			productReference = 2441CF941DB4A5EC00578AD3 /* Project 01 - SimpleStopWatch.app */;
			productType = "com.apple.product-type.application";
		};
/* End PBXNativeTarget section */

/* Begin PBXProject section */
		2441CF8C1DB4A5EC00578AD3 /* Project object */ = {
			isa = PBXProject;
			attributes = {
				LastSwiftUpdateCheck = 0730;
				LastUpgradeCheck = 0730;
				ORGANIZATIONNAME = q2650108;
				TargetAttributes = {
					2441CF931DB4A5EC00578AD3 = {
						CreatedOnToolsVersion = 7.3.1;
					};
				};
			};
			buildConfigurationList = 2441CF8F1DB4A5EC00578AD3 /* Build configuration list for PBXProject "Project 01 - SimpleStopWatch" */;
			compatibilityVersion = "Xcode 3.2";
			developmentRegion = English;
			hasScannedForEncodings = 0;
			knownRegions = (
				en,
				Base,
			);
			mainGroup = 2441CF8B1DB4A5EC00578AD3;
			productRefGroup = 2441CF951DB4A5EC00578AD3 /* Products */;
			projectDirPath = "";
			projectRoot = "";
			targets = (
				2441CF931DB4A5EC00578AD3 /* Project 01 - SimpleStopWatch */,
			);
		};
/* End PBXProject section */

/* Begin PBXResourcesBuildPhase section */
		2441CF921DB4A5EC00578AD3 /* Resources */ = {
			isa = PBXResourcesBuildPhase;
			buildActionMask = 2147483647;
			files = (
				2441CFAA1DB4A60800578AD3 /* Main.storyboard in Resources */,
				2441CFA21DB4A5EC00578AD3 /* LaunchScreen.storyboard in Resources */,
				2441CF9F1DB4A5EC00578AD3 /* Assets.xcassets in Resources */,
			);
			runOnlyForDeploymentPostprocessing = 0;
		};
/* End PBXResourcesBuildPhase section */

/* Begin PBXSourcesBuildPhase section */
		2441CF901DB4A5EC00578AD3 /* Sources */ = {
			isa = PBXSourcesBuildPhase;
			buildActionMask = 2147483647;
			files = (
				2441CF9A1DB4A5EC00578AD3 /* ViewController.swift in Sources */,
				2441CF981DB4A5EC00578AD3 /* AppDelegate.swift in Sources */,
			);
			runOnlyForDeploymentPostprocessing = 0;
		};
/* End PBXSourcesBuildPhase section */

/* Begin PBXVariantGroup section */
		2441CFA01DB4A5EC00578AD3 /* LaunchScreen.storyboard */ = {
			isa = PBXVariantGroup;
			children = (
				2441CFA11DB4A5EC00578AD3 /* Base */,
			);
			name = LaunchScreen.storyboard;
			sourceTree = "<group>";
		};
/* End PBXVariantGroup section */

/* Begin XCBuildConfiguration section */
		2441CFA41DB4A5EC00578AD3 /* Debug */ = {
			isa = XCBuildConfiguration;
			buildSettings = {
				ALWAYS_SEARCH_USER_PATHS = NO;
				CLANG_ANALYZER_NONNULL = YES;
				CLANG_CXX_LANGUAGE_STANDARD = "gnu++0x";
				CLANG_CXX_LIBRARY = "libc++";
				CLANG_ENABLE_MODULES = YES;
				CLANG_ENABLE_OBJC_ARC = YES;
				CLANG_WARN_BOOL_CONVERSION = YES;
				CLANG_WARN_CONSTANT_CONVERSION = YES;
				CLANG_WARN_DIRECT_OBJC_ISA_USAGE = YES_ERROR;
				CLANG_WARN_EMPTY_BODY = YES;
				CLANG_WARN_ENUM_CONVERSION = YES;
				CLANG_WARN_INT_CONVERSION = YES;
				CLANG_WARN_OBJC_ROOT_CLASS = YES_ERROR;
				CLANG_WARN_UNREACHABLE_CODE = YES;
				CLANG_WARN__DUPLICATE_METHOD_MATCH = YES;
				"CODE_SIGN_IDENTITY[sdk=iphoneos*]" = "iPhone Developer";
				COPY_PHASE_STRIP = NO;
				DEBUG_INFORMATION_FORMAT = dwarf;
				ENABLE_STRICT_OBJC_MSGSEND = YES;
				ENABLE_TESTABILITY = YES;
				GCC_C_LANGUAGE_STANDARD = gnu99;
				GCC_DYNAMIC_NO_PIC = NO;
				GCC_NO_COMMON_BLOCKS = YES;
				GCC_OPTIMIZATION_LEVEL = 0;
				GCC_PREPROCESSOR_DEFINITIONS = (
					"DEBUG=1",
					"$(inherited)",
				);
				GCC_WARN_64_TO_32_BIT_CONVERSION = YES;
				GCC_WARN_ABOUT_RETURN_TYPE = YES_ERROR;
				GCC_WARN_UNDECLARED_SELECTOR = YES;
				GCC_WARN_UNINITIALIZED_AUTOS = YES_AGGRESSIVE;
				GCC_WARN_UNUSED_FUNCTION = YES;
				GCC_WARN_UNUSED_VARIABLE = YES;
				IPHONEOS_DEPLOYMENT_TARGET = 9.3;
				MTL_ENABLE_DEBUG_INFO = YES;
				ONLY_ACTIVE_ARCH = YES;
				SDKROOT = iphoneos;
				SWIFT_OPTIMIZATION_LEVEL = "-Onone";
			};
			name = Debug;
		};
		2441CFA51DB4A5EC00578AD3 /* Release */ = {
			isa = XCBuildConfiguration;
			buildSettings = {
				ALWAYS_SEARCH_USER_PATHS = NO;
				CLANG_ANALYZER_NONNULL = YES;
				CLANG_CXX_LANGUAGE_STANDARD = "gnu++0x";
				CLANG_CXX_LIBRARY = "libc++";
				CLANG_ENABLE_MODULES = YES;
				CLANG_ENABLE_OBJC_ARC = YES;
				CLANG_WARN_BOOL_CONVERSION = YES;
				CLANG_WARN_CONSTANT_CONVERSION = YES;
				CLANG_WARN_DIRECT_OBJC_ISA_USAGE = YES_ERROR;
				CLANG_WARN_EMPTY_BODY = YES;
				CLANG_WARN_ENUM_CONVERSION = YES;
				CLANG_WARN_INT_CONVERSION = YES;
				CLANG_WARN_OBJC_ROOT_CLASS = YES_ERROR;
				CLANG_WARN_UNREACHABLE_CODE = YES;
				CLANG_WARN__DUPLICATE_METHOD_MATCH = YES;
				"CODE_SIGN_IDENTITY[sdk=iphoneos*]" = "iPhone Developer";
				COPY_PHASE_STRIP = NO;
				DEBUG_INFORMATION_FORMAT = "dwarf-with-dsym";
				ENABLE_NS_ASSERTIONS = NO;
				ENABLE_STRICT_OBJC_MSGSEND = YES;
				GCC_C_LANGUAGE_STANDARD = gnu99;
				GCC_NO_COMMON_BLOCKS = YES;
				GCC_WARN_64_TO_32_BIT_CONVERSION = YES;
				GCC_WARN_ABOUT_RETURN_TYPE = YES_ERROR;
				GCC_WARN_UNDECLARED_SELECTOR = YES;
				GCC_WARN_UNINITIALIZED_AUTOS = YES_AGGRESSIVE;
				GCC_WARN_UNUSED_FUNCTION = YES;
				GCC_WARN_UNUSED_VARIABLE = YES;
				IPHONEOS_DEPLOYMENT_TARGET = 9.3;
				MTL_ENABLE_DEBUG_INFO = NO;
				SDKROOT = iphoneos;
				VALIDATE_PRODUCT = YES;
			};
			name = Release;
		};
		2441CFA71DB4A5EC00578AD3 /* Debug */ = {
			isa = XCBuildConfiguration;
			buildSettings = {
				ASSETCATALOG_COMPILER_APPICON_NAME = AppIcon;
				INFOPLIST_FILE = "Project 01 - SimpleStopWatch/Info.plist";
				LD_RUNPATH_SEARCH_PATHS = "$(inherited) @executable_path/Frameworks";
				PRODUCT_BUNDLE_IDENTIFIER = "com.q2650108.Project-01---SimpleStopWatch";
				PRODUCT_NAME = "$(TARGET_NAME)";
			};
			name = Debug;
		};
		2441CFA81DB4A5EC00578AD3 /* Release */ = {
			isa = XCBuildConfiguration;
			buildSettings = {
				ASSETCATALOG_COMPILER_APPICON_NAME = AppIcon;
				INFOPLIST_FILE = "Project 01 - SimpleStopWatch/Info.plist";
				LD_RUNPATH_SEARCH_PATHS = "$(inherited) @executable_path/Frameworks";
				PRODUCT_BUNDLE_IDENTIFIER = "com.q2650108.Project-01---SimpleStopWatch";
				PRODUCT_NAME = "$(TARGET_NAME)";
			};
			name = Release;
		};
/* End XCBuildConfiguration section */

/* Begin XCConfigurationList section */
		2441CF8F1DB4A5EC00578AD3 /* Build configuration list for PBXProject "Project 01 - SimpleStopWatch" */ = {
			isa = XCConfigurationList;
			buildConfigurations = (
				2441CFA41DB4A5EC00578AD3 /* Debug */,
				2441CFA51DB4A5EC00578AD3 /* Release */,
			);
			defaultConfigurationIsVisible = 0;
			defaultConfigurationName = Release;
		};
		2441CFA61DB4A5EC00578AD3 /* Build configuration list for PBXNativeTarget "Project 01 - SimpleStopWatch" */ = {
			isa = XCConfigurationList;
			buildConfigurations = (
				2441CFA71DB4A5EC00578AD3 /* Debug */,
				2441CFA81DB4A5EC00578AD3 /* Release */,
			);
			defaultConfigurationIsVisible = 0;
		};
/* End XCConfigurationList section */
	};
	rootObject = 2441CF8C1DB4A5EC00578AD3 /* Project object */;
}
