// !$*UTF8*$!
{
	archiveVersion = 1;
	classes = {
	};
	objectVersion = 46;
	objects = {

/* Begin PBXBuildFile section */
		24981FAB1DE2A64B008BEC30 /* AppDelegate.swift in Sources */ = {isa = PBXBuildFile; fileRef = 24981FAA1DE2A64B008BEC30 /* AppDelegate.swift */; };
		24981FAD1DE2A64B008BEC30 /* ViewController.swift in Sources */ = {isa = PBXBuildFile; fileRef = 24981FAC1DE2A64B008BEC30 /* ViewController.swift */; };
		24981FB01DE2A64B008BEC30 /* Main.storyboard in Resources */ = {isa = PBXBuildFile; fileRef = 24981FAE1DE2A64B008BEC30 /* Main.storyboard */; };
		24981FB21DE2A64B008BEC30 /* Assets.xcassets in Resources */ = {isa = PBXBuildFile; fileRef = 24981FB11DE2A64B008BEC30 /* Assets.xcassets */; };
		24981FB51DE2A64B008BEC30 /* LaunchScreen.storyboard in Resources */ = {isa = PBXBuildFile; fileRef = 24981FB31DE2A64B008BEC30 /* LaunchScreen.storyboard */; };
		24981FBE1DE2A7AC008BEC30 /* Time.mp4 in Resources */ = {isa = PBXBuildFile; fileRef = 24981FBD1DE2A78C008BEC30 /* Time.mp4 */; };
		24981FC21DE2D151008BEC30 /* Beach.mp4 in Resources */ = {isa = PBXBuildFile; fileRef = 24981FC01DE2D145008BEC30 /* Beach.mp4 */; };
		24981FC31DE2D151008BEC30 /* Sea.mp4 in Resources */ = {isa = PBXBuildFile; fileRef = 24981FC11DE2D145008BEC30 /* Sea.mp4 */; };
		24981FC51DE2D31A008BEC30 /* MyTableViewCell.swift in Sources */ = {isa = PBXBuildFile; fileRef = 24981FC41DE2D31A008BEC30 /* MyTableViewCell.swift */; };
/* End PBXBuildFile section */

/* Begin PBXFileReference section */
		24981FA71DE2A64B008BEC30 /* Project 10 - VideoBackground.app */ = {isa = PBXFileReference; explicitFileType = wrapper.application; includeInIndex = 0; path = "Project 10 - VideoBackground.app"; sourceTree = BUILT_PRODUCTS_DIR; };
		24981FAA1DE2A64B008BEC30 /* AppDelegate.swift */ = {isa = PBXFileReference; lastKnownFileType = sourcecode.swift; path = AppDelegate.swift; sourceTree = "<group>"; };
		24981FAC1DE2A64B008BEC30 /* ViewController.swift */ = {isa = PBXFileReference; lastKnownFileType = sourcecode.swift; path = ViewController.swift; sourceTree = "<group>"; };
		24981FAF1DE2A64B008BEC30 /* Base */ = {isa = PBXFileReference; lastKnownFileType = file.storyboard; name = Base; path = Base.lproj/Main.storyboard; sourceTree = "<group>"; };
		24981FB11DE2A64B008BEC30 /* Assets.xcassets */ = {isa = PBXFileReference; lastKnownFileType = folder.assetcatalog; path = Assets.xcassets; sourceTree = "<group>"; };
		24981FB41DE2A64B008BEC30 /* Base */ = {isa = PBXFileReference; lastKnownFileType = file.storyboard; name = Base; path = Base.lproj/LaunchScreen.storyboard; sourceTree = "<group>"; };
		24981FB61DE2A64B008BEC30 /* Info.plist */ = {isa = PBXFileReference; lastKnownFileType = text.plist.xml; path = Info.plist; sourceTree = "<group>"; };
		24981FBD1DE2A78C008BEC30 /* Time.mp4 */ = {isa = PBXFileReference; lastKnownFileType = file; path = Time.mp4; sourceTree = "<group>"; };
		24981FC01DE2D145008BEC30 /* Beach.mp4 */ = {isa = PBXFileReference; lastKnownFileType = file; path = Beach.mp4; sourceTree = "<group>"; };
		24981FC11DE2D145008BEC30 /* Sea.mp4 */ = {isa = PBXFileReference; lastKnownFileType = file; path = Sea.mp4; sourceTree = "<group>"; };
		24981FC41DE2D31A008BEC30 /* MyTableViewCell.swift */ = {isa = PBXFileReference; fileEncoding = 4; lastKnownFileType = sourcecode.swift; path = MyTableViewCell.swift; sourceTree = "<group>"; };
/* End PBXFileReference section */

/* Begin PBXFrameworksBuildPhase section */
		24981FA41DE2A64B008BEC30 /* Frameworks */ = {
			isa = PBXFrameworksBuildPhase;
			buildActionMask = 2147483647;
			files = (
			);
			runOnlyForDeploymentPostprocessing = 0;
		};
/* End PBXFrameworksBuildPhase section */

/* Begin PBXGroup section */
		24981F9E1DE2A64B008BEC30 = {
			isa = PBXGroup;
			children = (
				24981FA91DE2A64B008BEC30 /* Project 10 - VideoBackground */,
				24981FA81DE2A64B008BEC30 /* Products */,
			);
			sourceTree = "<group>";
		};
		24981FA81DE2A64B008BEC30 /* Products */ = {
			isa = PBXGroup;
			children = (
				24981FA71DE2A64B008BEC30 /* Project 10 - VideoBackground.app */,
			);
			name = Products;
			sourceTree = "<group>";
		};
		24981FA91DE2A64B008BEC30 /* Project 10 - VideoBackground */ = {
			isa = PBXGroup;
			children = (
				24981FBF1DE2D139008BEC30 /* Video */,
				24981FAA1DE2A64B008BEC30 /* AppDelegate.swift */,
				24981FAC1DE2A64B008BEC30 /* ViewController.swift */,
				24981FC41DE2D31A008BEC30 /* MyTableViewCell.swift */,
				24981FAE1DE2A64B008BEC30 /* Main.storyboard */,
				24981FB11DE2A64B008BEC30 /* Assets.xcassets */,
				24981FB31DE2A64B008BEC30 /* LaunchScreen.storyboard */,
				24981FB61DE2A64B008BEC30 /* Info.plist */,
			);
			path = "Project 10 - VideoBackground";
			sourceTree = "<group>";
		};
		24981FBF1DE2D139008BEC30 /* Video */ = {
			isa = PBXGroup;
			children = (
				24981FC01DE2D145008BEC30 /* Beach.mp4 */,
				24981FC11DE2D145008BEC30 /* Sea.mp4 */,
				24981FBD1DE2A78C008BEC30 /* Time.mp4 */,
			);
			name = Video;
			sourceTree = "<group>";
		};
/* End PBXGroup section */

/* Begin PBXNativeTarget section */
		24981FA61DE2A64B008BEC30 /* Project 10 - VideoBackground */ = {
			isa = PBXNativeTarget;
			buildConfigurationList = 24981FB91DE2A64B008BEC30 /* Build configuration list for PBXNativeTarget "Project 10 - VideoBackground" */;
			buildPhases = (
				24981FA31DE2A64B008BEC30 /* Sources */,
				24981FA41DE2A64B008BEC30 /* Frameworks */,
				24981FA51DE2A64B008BEC30 /* Resources */,
			);
			buildRules = (
			);
			dependencies = (
			);
			name = "Project 10 - VideoBackground";
			productName = "Project 10 - VideoBackground";
			productReference = 24981FA71DE2A64B008BEC30 /* Project 10 - VideoBackground.app */;
			productType = "com.apple.product-type.application";
		};
/* End PBXNativeTarget section */

/* Begin PBXProject section */
		24981F9F1DE2A64B008BEC30 /* Project object */ = {
			isa = PBXProject;
			attributes = {
				LastSwiftUpdateCheck = 0730;
				LastUpgradeCheck = 0730;
				ORGANIZATIONNAME = q2650108;
				TargetAttributes = {
					24981FA61DE2A64B008BEC30 = {
						CreatedOnToolsVersion = 7.3.1;
						DevelopmentTeam = KF4365QBY5;
					};
				};
			};
			buildConfigurationList = 24981FA21DE2A64B008BEC30 /* Build configuration list for PBXProject "Project 10 - VideoBackground" */;
			compatibilityVersion = "Xcode 3.2";
			developmentRegion = English;
			hasScannedForEncodings = 0;
			knownRegions = (
				en,
				Base,
			);
			mainGroup = 24981F9E1DE2A64B008BEC30;
			productRefGroup = 24981FA81DE2A64B008BEC30 /* Products */;
			projectDirPath = "";
			projectRoot = "";
			targets = (
				24981FA61DE2A64B008BEC30 /* Project 10 - VideoBackground */,
			);
		};
/* End PBXProject section */

/* Begin PBXResourcesBuildPhase section */
		24981FA51DE2A64B008BEC30 /* Resources */ = {
			isa = PBXResourcesBuildPhase;
			buildActionMask = 2147483647;
			files = (
				24981FC21DE2D151008BEC30 /* Beach.mp4 in Resources */,
				24981FC31DE2D151008BEC30 /* Sea.mp4 in Resources */,
				24981FBE1DE2A7AC008BEC30 /* Time.mp4 in Resources */,
				24981FB51DE2A64B008BEC30 /* LaunchScreen.storyboard in Resources */,
				24981FB21DE2A64B008BEC30 /* Assets.xcassets in Resources */,
				24981FB01DE2A64B008BEC30 /* Main.storyboard in Resources */,
			);
			runOnlyForDeploymentPostprocessing = 0;
		};
/* End PBXResourcesBuildPhase section */

/* Begin PBXSourcesBuildPhase section */
		24981FA31DE2A64B008BEC30 /* Sources */ = {
			isa = PBXSourcesBuildPhase;
			buildActionMask = 2147483647;
			files = (
				24981FAD1DE2A64B008BEC30 /* ViewController.swift in Sources */,
				24981FAB1DE2A64B008BEC30 /* AppDelegate.swift in Sources */,
				24981FC51DE2D31A008BEC30 /* MyTableViewCell.swift in Sources */,
			);
			runOnlyForDeploymentPostprocessing = 0;
		};
/* End PBXSourcesBuildPhase section */

/* Begin PBXVariantGroup section */
		24981FAE1DE2A64B008BEC30 /* Main.storyboard */ = {
			isa = PBXVariantGroup;
			children = (
				24981FAF1DE2A64B008BEC30 /* Base */,
			);
			name = Main.storyboard;
			sourceTree = "<group>";
		};
		24981FB31DE2A64B008BEC30 /* LaunchScreen.storyboard */ = {
			isa = PBXVariantGroup;
			children = (
				24981FB41DE2A64B008BEC30 /* Base */,
			);
			name = LaunchScreen.storyboard;
			sourceTree = "<group>";
		};
/* End PBXVariantGroup section */

/* Begin XCBuildConfiguration section */
		24981FB71DE2A64B008BEC30 /* Debug */ = {
			isa = XCBuildConfiguration;
			buildSettings = {
				ALWAYS_SEARCH_USER_PATHS = NO;
				CLANG_ANALYZER_NONNULL = YES;
				CLANG_CXX_LANGUAGE_STANDARD = "gnu++0x";
				CLANG_CXX_LIBRARY = "libc++";
				CLANG_ENABLE_MODULES = YES;
				CLANG_ENABLE_OBJC_ARC = YES;
				CLANG_WARN_BOOL_CONVERSION = YES;
				CLANG_WARN_CONSTANT_CONVERSION = YES;
				CLANG_WARN_DIRECT_OBJC_ISA_USAGE = YES_ERROR;
				CLANG_WARN_EMPTY_BODY = YES;
				CLANG_WARN_ENUM_CONVERSION = YES;
				CLANG_WARN_INT_CONVERSION = YES;
				CLANG_WARN_OBJC_ROOT_CLASS = YES_ERROR;
				CLANG_WARN_UNREACHABLE_CODE = YES;
				CLANG_WARN__DUPLICATE_METHOD_MATCH = YES;
				"CODE_SIGN_IDENTITY[sdk=iphoneos*]" = "iPhone Developer";
				COPY_PHASE_STRIP = NO;
				DEBUG_INFORMATION_FORMAT = dwarf;
				ENABLE_STRICT_OBJC_MSGSEND = YES;
				ENABLE_TESTABILITY = YES;
				GCC_C_LANGUAGE_STANDARD = gnu99;
				GCC_DYNAMIC_NO_PIC = NO;
				GCC_NO_COMMON_BLOCKS = YES;
				GCC_OPTIMIZATION_LEVEL = 0;
				GCC_PREPROCESSOR_DEFINITIONS = (
					"DEBUG=1",
					"$(inherited)",
				);
				GCC_WARN_64_TO_32_BIT_CONVERSION = YES;
				GCC_WARN_ABOUT_RETURN_TYPE = YES_ERROR;
				GCC_WARN_UNDECLARED_SELECTOR = YES;
				GCC_WARN_UNINITIALIZED_AUTOS = YES_AGGRESSIVE;
				GCC_WARN_UNUSED_FUNCTION = YES;
				GCC_WARN_UNUSED_VARIABLE = YES;
				IPHONEOS_DEPLOYMENT_TARGET = 9.3;
				MTL_ENABLE_DEBUG_INFO = YES;
				ONLY_ACTIVE_ARCH = YES;
				SDKROOT = iphoneos;
				SWIFT_OPTIMIZATION_LEVEL = "-Onone";
			};
			name = Debug;
		};
		24981FB81DE2A64B008BEC30 /* Release */ = {
			isa = XCBuildConfiguration;
			buildSettings = {
				ALWAYS_SEARCH_USER_PATHS = NO;
				CLANG_ANALYZER_NONNULL = YES;
				CLANG_CXX_LANGUAGE_STANDARD = "gnu++0x";
				CLANG_CXX_LIBRARY = "libc++";
				CLANG_ENABLE_MODULES = YES;
				CLANG_ENABLE_OBJC_ARC = YES;
				CLANG_WARN_BOOL_CONVERSION = YES;
				CLANG_WARN_CONSTANT_CONVERSION = YES;
				CLANG_WARN_DIRECT_OBJC_ISA_USAGE = YES_ERROR;
				CLANG_WARN_EMPTY_BODY = YES;
				CLANG_WARN_ENUM_CONVERSION = YES;
				CLANG_WARN_INT_CONVERSION = YES;
				CLANG_WARN_OBJC_ROOT_CLASS = YES_ERROR;
				CLANG_WARN_UNREACHABLE_CODE = YES;
				CLANG_WARN__DUPLICATE_METHOD_MATCH = YES;
				"CODE_SIGN_IDENTITY[sdk=iphoneos*]" = "iPhone Developer";
				COPY_PHASE_STRIP = NO;
				DEBUG_INFORMATION_FORMAT = "dwarf-with-dsym";
				ENABLE_NS_ASSERTIONS = NO;
				ENABLE_STRICT_OBJC_MSGSEND = YES;
				GCC_C_LANGUAGE_STANDARD = gnu99;
				GCC_NO_COMMON_BLOCKS = YES;
				GCC_WARN_64_TO_32_BIT_CONVERSION = YES;
				GCC_WARN_ABOUT_RETURN_TYPE = YES_ERROR;
				GCC_WARN_UNDECLARED_SELECTOR = YES;
				GCC_WARN_UNINITIALIZED_AUTOS = YES_AGGRESSIVE;
				GCC_WARN_UNUSED_FUNCTION = YES;
				GCC_WARN_UNUSED_VARIABLE = YES;
				IPHONEOS_DEPLOYMENT_TARGET = 9.3;
				MTL_ENABLE_DEBUG_INFO = NO;
				SDKROOT = iphoneos;
				VALIDATE_PRODUCT = YES;
			};
			name = Release;
		};
		24981FBA1DE2A64B008BEC30 /* Debug */ = {
			isa = XCBuildConfiguration;
			buildSettings = {
				ASSETCATALOG_COMPILER_APPICON_NAME = AppIcon;
				CODE_SIGN_IDENTITY = "iPhone Developer";
				"CODE_SIGN_IDENTITY[sdk=iphoneos*]" = "iPhone Developer";
				INFOPLIST_FILE = "Project 10 - VideoBackground/Info.plist";
				LD_RUNPATH_SEARCH_PATHS = "$(inherited) @executable_path/Frameworks";
				PRODUCT_BUNDLE_IDENTIFIER = "com.q2650108.Project-10---VideoBackground";
				PRODUCT_NAME = "$(TARGET_NAME)";
				PROVISIONING_PROFILE = "";
			};
			name = Debug;
		};
		24981FBB1DE2A64B008BEC30 /* Release */ = {
			isa = XCBuildConfiguration;
			buildSettings = {
				ASSETCATALOG_COMPILER_APPICON_NAME = AppIcon;
				CODE_SIGN_IDENTITY = "iPhone Developer";
				"CODE_SIGN_IDENTITY[sdk=iphoneos*]" = "iPhone Developer";
				INFOPLIST_FILE = "Project 10 - VideoBackground/Info.plist";
				LD_RUNPATH_SEARCH_PATHS = "$(inherited) @executable_path/Frameworks";
				PRODUCT_BUNDLE_IDENTIFIER = "com.q2650108.Project-10---VideoBackground";
				PRODUCT_NAME = "$(TARGET_NAME)";
				PROVISIONING_PROFILE = "";
			};
			name = Release;
		};
/* End XCBuildConfiguration section */

/* Begin XCConfigurationList section */
		24981FA21DE2A64B008BEC30 /* Build configuration list for PBXProject "Project 10 - VideoBackground" */ = {
			isa = XCConfigurationList;
			buildConfigurations = (
				24981FB71DE2A64B008BEC30 /* Debug */,
				24981FB81DE2A64B008BEC30 /* Release */,
			);
			defaultConfigurationIsVisible = 0;
			defaultConfigurationName = Release;
		};
		24981FB91DE2A64B008BEC30 /* Build configuration list for PBXNativeTarget "Project 10 - VideoBackground" */ = {
			isa = XCConfigurationList;
			buildConfigurations = (
				24981FBA1DE2A64B008BEC30 /* Debug */,
				24981FBB1DE2A64B008BEC30 /* Release */,
			);
			defaultConfigurationIsVisible = 0;
			defaultConfigurationName = Release;
		};
/* End XCConfigurationList section */
	};
	rootObject = 24981F9F1DE2A64B008BEC30 /* Project object */;
}
