// !$*UTF8*$!
{
	archiveVersion = 1;
	classes = {
	};
	objectVersion = 46;
	objects = {

/* Begin PBXBuildFile section */
		D25A1DDF1DB99DDA00AA1441 /* AppDelegate.swift in Sources */ = {isa = PBXBuildFile; fileRef = D25A1DDE1DB99DDA00AA1441 /* AppDelegate.swift */; };
		D25A1DE11DB99DDA00AA1441 /* ViewController.swift in Sources */ = {isa = PBXBuildFile; fileRef = D25A1DE01DB99DDA00AA1441 /* ViewController.swift */; };
		D25A1DE41DB99DDA00AA1441 /* Main.storyboard in Resources */ = {isa = PBXBuildFile; fileRef = D25A1DE21DB99DDA00AA1441 /* Main.storyboard */; };
		D25A1DE71DB99DDA00AA1441 /* Project_6___Get_user_s_current_location.xcdatamodeld in Sources */ = {isa = PBXBuildFile; fileRef = D25A1DE51DB99DDA00AA1441 /* Project_6___Get_user_s_current_location.xcdatamodeld */; };
		D25A1DE91DB99DDA00AA1441 /* Assets.xcassets in Resources */ = {isa = PBXBuildFile; fileRef = D25A1DE81DB99DDA00AA1441 /* Assets.xcassets */; };
		D25A1DEC1DB99DDA00AA1441 /* LaunchScreen.storyboard in Resources */ = {isa = PBXBuildFile; fileRef = D25A1DEA1DB99DDA00AA1441 /* LaunchScreen.storyboard */; };
/* End PBXBuildFile section */

/* Begin PBXFileReference section */
		D25A1DDB1DB99DDA00AA1441 /* Project 6 - Get user's current location.app */ = {isa = PBXFileReference; explicitFileType = wrapper.application; includeInIndex = 0; path = "Project 6 - Get user's current location.app"; sourceTree = BUILT_PRODUCTS_DIR; };
		D25A1DDE1DB99DDA00AA1441 /* AppDelegate.swift */ = {isa = PBXFileReference; lastKnownFileType = sourcecode.swift; path = AppDelegate.swift; sourceTree = "<group>"; };
		D25A1DE01DB99DDA00AA1441 /* ViewController.swift */ = {isa = PBXFileReference; lastKnownFileType = sourcecode.swift; path = ViewController.swift; sourceTree = "<group>"; };
		D25A1DE31DB99DDA00AA1441 /* Base */ = {isa = PBXFileReference; lastKnownFileType = file.storyboard; name = Base; path = Base.lproj/Main.storyboard; sourceTree = "<group>"; };
		D25A1DE61DB99DDA00AA1441 /* Project_6___Get_user_s_current_location.xcdatamodel */ = {isa = PBXFileReference; lastKnownFileType = wrapper.xcdatamodel; path = "Project_6___Get_user_s_current_location.xcdatamodel"; sourceTree = "<group>"; };
		D25A1DE81DB99DDA00AA1441 /* Assets.xcassets */ = {isa = PBXFileReference; lastKnownFileType = folder.assetcatalog; path = Assets.xcassets; sourceTree = "<group>"; };
		D25A1DEB1DB99DDA00AA1441 /* Base */ = {isa = PBXFileReference; lastKnownFileType = file.storyboard; name = Base; path = Base.lproj/LaunchScreen.storyboard; sourceTree = "<group>"; };
		D25A1DED1DB99DDA00AA1441 /* Info.plist */ = {isa = PBXFileReference; lastKnownFileType = text.plist.xml; path = Info.plist; sourceTree = "<group>"; };
/* End PBXFileReference section */

/* Begin PBXFrameworksBuildPhase section */
		D25A1DD81DB99DDA00AA1441 /* Frameworks */ = {
			isa = PBXFrameworksBuildPhase;
			buildActionMask = 2147483647;
			files = (
			);
			runOnlyForDeploymentPostprocessing = 0;
		};
/* End PBXFrameworksBuildPhase section */

/* Begin PBXGroup section */
		D25A1DD21DB99DDA00AA1441 = {
			isa = PBXGroup;
			children = (
				D25A1DDD1DB99DDA00AA1441 /* Project 6 - Get user's current location */,
				D25A1DDC1DB99DDA00AA1441 /* Products */,
			);
			sourceTree = "<group>";
		};
		D25A1DDC1DB99DDA00AA1441 /* Products */ = {
			isa = PBXGroup;
			children = (
				D25A1DDB1DB99DDA00AA1441 /* Project 6 - Get user's current location.app */,
			);
			name = Products;
			sourceTree = "<group>";
		};
		D25A1DDD1DB99DDA00AA1441 /* Project 6 - Get user's current location */ = {
			isa = PBXGroup;
			children = (
				D25A1DDE1DB99DDA00AA1441 /* AppDelegate.swift */,
				D25A1DE01DB99DDA00AA1441 /* ViewController.swift */,
				D25A1DE21DB99DDA00AA1441 /* Main.storyboard */,
				D25A1DE81DB99DDA00AA1441 /* Assets.xcassets */,
				D25A1DEA1DB99DDA00AA1441 /* LaunchScreen.storyboard */,
				D25A1DED1DB99DDA00AA1441 /* Info.plist */,
				D25A1DE51DB99DDA00AA1441 /* Project_6___Get_user_s_current_location.xcdatamodeld */,
			);
			path = "Project 6 - Get user's current location";
			sourceTree = "<group>";
		};
/* End PBXGroup section */

/* Begin PBXNativeTarget section */
		D25A1DDA1DB99DDA00AA1441 /* Project 6 - Get user's current location */ = {
			isa = PBXNativeTarget;
			buildConfigurationList = D25A1DF01DB99DDA00AA1441 /* Build configuration list for PBXNativeTarget "Project 6 - Get user's current location" */;
			buildPhases = (
				D25A1DD71DB99DDA00AA1441 /* Sources */,
				D25A1DD81DB99DDA00AA1441 /* Frameworks */,
				D25A1DD91DB99DDA00AA1441 /* Resources */,
			);
			buildRules = (
			);
			dependencies = (
			);
			name = "Project 6 - Get user's current location";
			productName = "Project 6 - Get user's current location";
			productReference = D25A1DDB1DB99DDA00AA1441 /* Project 6 - Get user's current location.app */;
			productType = "com.apple.product-type.application";
		};
/* End PBXNativeTarget section */

/* Begin PBXProject section */
		D25A1DD31DB99DDA00AA1441 /* Project object */ = {
			isa = PBXProject;
			attributes = {
				LastSwiftUpdateCheck = 0730;
				LastUpgradeCheck = 0730;
				ORGANIZATIONNAME = q2650108;
				TargetAttributes = {
					D25A1DDA1DB99DDA00AA1441 = {
						CreatedOnToolsVersion = 7.3.1;
					};
				};
			};
			buildConfigurationList = D25A1DD61DB99DDA00AA1441 /* Build configuration list for PBXProject "Project 6 - Get user's current location" */;
			compatibilityVersion = "Xcode 3.2";
			developmentRegion = English;
			hasScannedForEncodings = 0;
			knownRegions = (
				en,
				Base,
			);
			mainGroup = D25A1DD21DB99DDA00AA1441;
			productRefGroup = D25A1DDC1DB99DDA00AA1441 /* Products */;
			projectDirPath = "";
			projectRoot = "";
			targets = (
				D25A1DDA1DB99DDA00AA1441 /* Project 6 - Get user's current location */,
			);
		};
/* End PBXProject section */

/* Begin PBXResourcesBuildPhase section */
		D25A1DD91DB99DDA00AA1441 /* Resources */ = {
			isa = PBXResourcesBuildPhase;
			buildActionMask = 2147483647;
			files = (
				D25A1DEC1DB99DDA00AA1441 /* LaunchScreen.storyboard in Resources */,
				D25A1DE91DB99DDA00AA1441 /* Assets.xcassets in Resources */,
				D25A1DE41DB99DDA00AA1441 /* Main.storyboard in Resources */,
			);
			runOnlyForDeploymentPostprocessing = 0;
		};
/* End PBXResourcesBuildPhase section */

/* Begin PBXSourcesBuildPhase section */
		D25A1DD71DB99DDA00AA1441 /* Sources */ = {
			isa = PBXSourcesBuildPhase;
			buildActionMask = 2147483647;
			files = (
				D25A1DE11DB99DDA00AA1441 /* ViewController.swift in Sources */,
				D25A1DE71DB99DDA00AA1441 /* Project_6___Get_user_s_current_location.xcdatamodeld in Sources */,
				D25A1DDF1DB99DDA00AA1441 /* AppDelegate.swift in Sources */,
			);
			runOnlyForDeploymentPostprocessing = 0;
		};
/* End PBXSourcesBuildPhase section */

/* Begin PBXVariantGroup section */
		D25A1DE21DB99DDA00AA1441 /* Main.storyboard */ = {
			isa = PBXVariantGroup;
			children = (
				D25A1DE31DB99DDA00AA1441 /* Base */,
			);
			name = Main.storyboard;
			sourceTree = "<group>";
		};
		D25A1DEA1DB99DDA00AA1441 /* LaunchScreen.storyboard */ = {
			isa = PBXVariantGroup;
			children = (
				D25A1DEB1DB99DDA00AA1441 /* Base */,
			);
			name = LaunchScreen.storyboard;
			sourceTree = "<group>";
		};
/* End PBXVariantGroup section */

/* Begin XCBuildConfiguration section */
		D25A1DEE1DB99DDA00AA1441 /* Debug */ = {
			isa = XCBuildConfiguration;
			buildSettings = {
				ALWAYS_SEARCH_USER_PATHS = NO;
				CLANG_ANALYZER_NONNULL = YES;
				CLANG_CXX_LANGUAGE_STANDARD = "gnu++0x";
				CLANG_CXX_LIBRARY = "libc++";
				CLANG_ENABLE_MODULES = YES;
				CLANG_ENABLE_OBJC_ARC = YES;
				CLANG_WARN_BOOL_CONVERSION = YES;
				CLANG_WARN_CONSTANT_CONVERSION = YES;
				CLANG_WARN_DIRECT_OBJC_ISA_USAGE = YES_ERROR;
				CLANG_WARN_EMPTY_BODY = YES;
				CLANG_WARN_ENUM_CONVERSION = YES;
				CLANG_WARN_INT_CONVERSION = YES;
				CLANG_WARN_OBJC_ROOT_CLASS = YES_ERROR;
				CLANG_WARN_UNREACHABLE_CODE = YES;
				CLANG_WARN__DUPLICATE_METHOD_MATCH = YES;
				"CODE_SIGN_IDENTITY[sdk=iphoneos*]" = "iPhone Developer";
				COPY_PHASE_STRIP = NO;
				DEBUG_INFORMATION_FORMAT = dwarf;
				ENABLE_STRICT_OBJC_MSGSEND = YES;
				ENABLE_TESTABILITY = YES;
				GCC_C_LANGUAGE_STANDARD = gnu99;
				GCC_DYNAMIC_NO_PIC = NO;
				GCC_NO_COMMON_BLOCKS = YES;
				GCC_OPTIMIZATION_LEVEL = 0;
				GCC_PREPROCESSOR_DEFINITIONS = (
					"DEBUG=1",
					"$(inherited)",
				);
				GCC_WARN_64_TO_32_BIT_CONVERSION = YES;
				GCC_WARN_ABOUT_RETURN_TYPE = YES_ERROR;
				GCC_WARN_UNDECLARED_SELECTOR = YES;
				GCC_WARN_UNINITIALIZED_AUTOS = YES_AGGRESSIVE;
				GCC_WARN_UNUSED_FUNCTION = YES;
				GCC_WARN_UNUSED_VARIABLE = YES;
				IPHONEOS_DEPLOYMENT_TARGET = 9.3;
				MTL_ENABLE_DEBUG_INFO = YES;
				ONLY_ACTIVE_ARCH = YES;
				SDKROOT = iphoneos;
				SWIFT_OPTIMIZATION_LEVEL = "-Onone";
			};
			name = Debug;
		};
		D25A1DEF1DB99DDA00AA1441 /* Release */ = {
			isa = XCBuildConfiguration;
			buildSettings = {
				ALWAYS_SEARCH_USER_PATHS = NO;
				CLANG_ANALYZER_NONNULL = YES;
				CLANG_CXX_LANGUAGE_STANDARD = "gnu++0x";
				CLANG_CXX_LIBRARY = "libc++";
				CLANG_ENABLE_MODULES = YES;
				CLANG_ENABLE_OBJC_ARC = YES;
				CLANG_WARN_BOOL_CONVERSION = YES;
				CLANG_WARN_CONSTANT_CONVERSION = YES;
				CLANG_WARN_DIRECT_OBJC_ISA_USAGE = YES_ERROR;
				CLANG_WARN_EMPTY_BODY = YES;
				CLANG_WARN_ENUM_CONVERSION = YES;
				CLANG_WARN_INT_CONVERSION = YES;
				CLANG_WARN_OBJC_ROOT_CLASS = YES_ERROR;
				CLANG_WARN_UNREACHABLE_CODE = YES;
				CLANG_WARN__DUPLICATE_METHOD_MATCH = YES;
				"CODE_SIGN_IDENTITY[sdk=iphoneos*]" = "iPhone Developer";
				COPY_PHASE_STRIP = NO;
				DEBUG_INFORMATION_FORMAT = "dwarf-with-dsym";
				ENABLE_NS_ASSERTIONS = NO;
				ENABLE_STRICT_OBJC_MSGSEND = YES;
				GCC_C_LANGUAGE_STANDARD = gnu99;
				GCC_NO_COMMON_BLOCKS = YES;
				GCC_WARN_64_TO_32_BIT_CONVERSION = YES;
				GCC_WARN_ABOUT_RETURN_TYPE = YES_ERROR;
				GCC_WARN_UNDECLARED_SELECTOR = YES;
				GCC_WARN_UNINITIALIZED_AUTOS = YES_AGGRESSIVE;
				GCC_WARN_UNUSED_FUNCTION = YES;
				GCC_WARN_UNUSED_VARIABLE = YES;
				IPHONEOS_DEPLOYMENT_TARGET = 9.3;
				MTL_ENABLE_DEBUG_INFO = NO;
				SDKROOT = iphoneos;
				VALIDATE_PRODUCT = YES;
			};
			name = Release;
		};
		D25A1DF11DB99DDA00AA1441 /* Debug */ = {
			isa = XCBuildConfiguration;
			buildSettings = {
				ASSETCATALOG_COMPILER_APPICON_NAME = AppIcon;
				INFOPLIST_FILE = "Project 6 - Get user's current location/Info.plist";
				LD_RUNPATH_SEARCH_PATHS = "$(inherited) @executable_path/Frameworks";
				PRODUCT_BUNDLE_IDENTIFIER = "q2650108.com.Project-6---Get-user-s-current-location";
				PRODUCT_NAME = "$(TARGET_NAME)";
			};
			name = Debug;
		};
		D25A1DF21DB99DDA00AA1441 /* Release */ = {
			isa = XCBuildConfiguration;
			buildSettings = {
				ASSETCATALOG_COMPILER_APPICON_NAME = AppIcon;
				INFOPLIST_FILE = "Project 6 - Get user's current location/Info.plist";
				LD_RUNPATH_SEARCH_PATHS = "$(inherited) @executable_path/Frameworks";
				PRODUCT_BUNDLE_IDENTIFIER = "q2650108.com.Project-6---Get-user-s-current-location";
				PRODUCT_NAME = "$(TARGET_NAME)";
			};
			name = Release;
		};
/* End XCBuildConfiguration section */

/* Begin XCConfigurationList section */
		D25A1DD61DB99DDA00AA1441 /* Build configuration list for PBXProject "Project 6 - Get user's current location" */ = {
			isa = XCConfigurationList;
			buildConfigurations = (
				D25A1DEE1DB99DDA00AA1441 /* Debug */,
				D25A1DEF1DB99DDA00AA1441 /* Release */,
			);
			defaultConfigurationIsVisible = 0;
			defaultConfigurationName = Release;
		};
		D25A1DF01DB99DDA00AA1441 /* Build configuration list for PBXNativeTarget "Project 6 - Get user's current location" */ = {
			isa = XCConfigurationList;
			buildConfigurations = (
				D25A1DF11DB99DDA00AA1441 /* Debug */,
				D25A1DF21DB99DDA00AA1441 /* Release */,
			);
			defaultConfigurationIsVisible = 0;
		};
/* End XCConfigurationList section */

/* Begin XCVersionGroup section */
		D25A1DE51DB99DDA00AA1441 /* Project_6___Get_user_s_current_location.xcdatamodeld */ = {
			isa = XCVersionGroup;
			children = (
				D25A1DE61DB99DDA00AA1441 /* Project_6___Get_user_s_current_location.xcdatamodel */,
			);
			currentVersion = D25A1DE61DB99DDA00AA1441 /* Project_6___Get_user_s_current_location.xcdatamodel */;
			path = "Project_6___Get_user_s_current_location.xcdatamodeld";
			sourceTree = "<group>";
			versionGroupType = wrapper.xcdatamodel;
		};
/* End XCVersionGroup section */
	};
	rootObject = D25A1DD31DB99DDA00AA1441 /* Project object */;
}
